// !$*UTF8*$!
{
	archiveVersion = 1;
	classes = {
	};
	objectVersion = 48;
	objects = {

/* Begin PBXBuildFile section */
		130324911F05316A00C0053D /* GithubClient.swift in Sources */ = {isa = PBXBuildFile; fileRef = 130324901F0530A900C0053D /* GithubClient.swift */; };
		130324931F0536D000C0053D /* FunctionEnumerator.swift in Sources */ = {isa = PBXBuildFile; fileRef = 130324921F0536D000C0053D /* FunctionEnumerator.swift */; };
		130324951F053A9F00C0053D /* FileItem.swift in Sources */ = {isa = PBXBuildFile; fileRef = 130324941F053A9F00C0053D /* FileItem.swift */; };
		1310C9EB1F0513ED0020A177 /* AppDelegate.swift in Sources */ = {isa = PBXBuildFile; fileRef = 1310C9EA1F0513ED0020A177 /* AppDelegate.swift */; };
		1310C9ED1F0513ED0020A177 /* ViewController.swift in Sources */ = {isa = PBXBuildFile; fileRef = 1310C9EC1F0513ED0020A177 /* ViewController.swift */; };
		1310C9F01F0513ED0020A177 /* Main.storyboard in Resources */ = {isa = PBXBuildFile; fileRef = 1310C9EE1F0513ED0020A177 /* Main.storyboard */; };
		1310C9F21F0513ED0020A177 /* Assets.xcassets in Resources */ = {isa = PBXBuildFile; fileRef = 1310C9F11F0513ED0020A177 /* Assets.xcassets */; };
		1310C9F51F0513ED0020A177 /* LaunchScreen.storyboard in Resources */ = {isa = PBXBuildFile; fileRef = 1310C9F31F0513ED0020A177 /* LaunchScreen.storyboard */; };
		1328C8951F08913D00064124 /* FetchChildItems.swift in Sources */ = {isa = PBXBuildFile; fileRef = 1328C8941F08913D00064124 /* FetchChildItems.swift */; };
		1328C8991F08921700064124 /* TreeObject.swift in Sources */ = {isa = PBXBuildFile; fileRef = 1328C8981F08921700064124 /* TreeObject.swift */; };
		1328C89E1F08D08E00064124 /* GithubObjectItem.swift in Sources */ = {isa = PBXBuildFile; fileRef = 1328C89D1F08D08E00064124 /* GithubObjectItem.swift */; };
		13911BBD1F07EBC6005EE2C0 /* FetchRootItems.swift in Sources */ = {isa = PBXBuildFile; fileRef = 13911BBC1F07EBC6005EE2C0 /* FetchRootItems.swift */; };
		13911BBF1F0920F1005EE2C0 /* FetchText.swift in Sources */ = {isa = PBXBuildFile; fileRef = 13911BBE1F0920F1005EE2C0 /* FetchText.swift */; };
		13A907F61F051658002FCDB2 /* FileProviderExtension.swift in Sources */ = {isa = PBXBuildFile; fileRef = 13A907F51F051658002FCDB2 /* FileProviderExtension.swift */; };
		13A907F81F051658002FCDB2 /* RepositoryItem.swift in Sources */ = {isa = PBXBuildFile; fileRef = 13A907F71F051658002FCDB2 /* RepositoryItem.swift */; };
		13A907FA1F051658002FCDB2 /* ArrayEnumerator.swift in Sources */ = {isa = PBXBuildFile; fileRef = 13A907F91F051658002FCDB2 /* ArrayEnumerator.swift */; };
		13A907FF1F051658002FCDB2 /* GithubFileExtension.appex in Embed App Extensions */ = {isa = PBXBuildFile; fileRef = 13A907F31F051658002FCDB2 /* GithubFileExtension.appex */; settings = {ATTRIBUTES = (RemoveHeadersOnCopy, ); }; };
		B2F4C486DC05FEB9E4F26891 /* Pods_OctoEye.framework in Frameworks */ = {isa = PBXBuildFile; fileRef = 994A4F0B398B886D055F3CA4 /* Pods_OctoEye.framework */; };
		D88C978BFD6948D3CE0713C8 /* Pods_GithubFileExtension.framework in Frameworks */ = {isa = PBXBuildFile; fileRef = F235730901C4BC5D9ADED27D /* Pods_GithubFileExtension.framework */; };
/* End PBXBuildFile section */

/* Begin PBXContainerItemProxy section */
		13A907FD1F051658002FCDB2 /* PBXContainerItemProxy */ = {
			isa = PBXContainerItemProxy;
			containerPortal = 1310C9DF1F0513ED0020A177 /* Project object */;
			proxyType = 1;
			remoteGlobalIDString = 13A907F21F051658002FCDB2;
			remoteInfo = GithubFileExtension;
		};
/* End PBXContainerItemProxy section */

/* Begin PBXCopyFilesBuildPhase section */
		13A908031F051658002FCDB2 /* Embed App Extensions */ = {
			isa = PBXCopyFilesBuildPhase;
			buildActionMask = 2147483647;
			dstPath = "";
			dstSubfolderSpec = 13;
			files = (
				13A907FF1F051658002FCDB2 /* GithubFileExtension.appex in Embed App Extensions */,
			);
			name = "Embed App Extensions";
			runOnlyForDeploymentPostprocessing = 0;
		};
/* End PBXCopyFilesBuildPhase section */

/* Begin PBXFileReference section */
		130324901F0530A900C0053D /* GithubClient.swift */ = {isa = PBXFileReference; lastKnownFileType = sourcecode.swift; path = GithubClient.swift; sourceTree = "<group>"; };
		130324921F0536D000C0053D /* FunctionEnumerator.swift */ = {isa = PBXFileReference; lastKnownFileType = sourcecode.swift; path = FunctionEnumerator.swift; sourceTree = "<group>"; };
		130324941F053A9F00C0053D /* FileItem.swift */ = {isa = PBXFileReference; lastKnownFileType = sourcecode.swift; path = FileItem.swift; sourceTree = "<group>"; };
		1310C9E71F0513ED0020A177 /* OctoEye.app */ = {isa = PBXFileReference; explicitFileType = wrapper.application; includeInIndex = 0; path = OctoEye.app; sourceTree = BUILT_PRODUCTS_DIR; };
		1310C9EA1F0513ED0020A177 /* AppDelegate.swift */ = {isa = PBXFileReference; lastKnownFileType = sourcecode.swift; path = AppDelegate.swift; sourceTree = "<group>"; };
		1310C9EC1F0513ED0020A177 /* ViewController.swift */ = {isa = PBXFileReference; lastKnownFileType = sourcecode.swift; path = ViewController.swift; sourceTree = "<group>"; };
		1310C9EF1F0513ED0020A177 /* Base */ = {isa = PBXFileReference; lastKnownFileType = file.storyboard; name = Base; path = Base.lproj/Main.storyboard; sourceTree = "<group>"; };
		1310C9F11F0513ED0020A177 /* Assets.xcassets */ = {isa = PBXFileReference; lastKnownFileType = folder.assetcatalog; path = Assets.xcassets; sourceTree = "<group>"; };
		1310C9F41F0513ED0020A177 /* Base */ = {isa = PBXFileReference; lastKnownFileType = file.storyboard; name = Base; path = Base.lproj/LaunchScreen.storyboard; sourceTree = "<group>"; };
		1310C9F61F0513ED0020A177 /* Info.plist */ = {isa = PBXFileReference; lastKnownFileType = text.plist.xml; path = Info.plist; sourceTree = "<group>"; };
		1328C8941F08913D00064124 /* FetchChildItems.swift */ = {isa = PBXFileReference; lastKnownFileType = sourcecode.swift; path = FetchChildItems.swift; sourceTree = "<group>"; };
		1328C8981F08921700064124 /* TreeObject.swift */ = {isa = PBXFileReference; lastKnownFileType = sourcecode.swift; path = TreeObject.swift; sourceTree = "<group>"; };
		1328C89D1F08D08E00064124 /* GithubObjectItem.swift */ = {isa = PBXFileReference; lastKnownFileType = sourcecode.swift; path = GithubObjectItem.swift; sourceTree = "<group>"; };
		13911BBC1F07EBC6005EE2C0 /* FetchRootItems.swift */ = {isa = PBXFileReference; lastKnownFileType = sourcecode.swift; path = FetchRootItems.swift; sourceTree = "<group>"; };
		13911BBE1F0920F1005EE2C0 /* FetchText.swift */ = {isa = PBXFileReference; lastKnownFileType = sourcecode.swift; path = FetchText.swift; sourceTree = "<group>"; };
		13A907F31F051658002FCDB2 /* GithubFileExtension.appex */ = {isa = PBXFileReference; explicitFileType = "wrapper.app-extension"; includeInIndex = 0; path = GithubFileExtension.appex; sourceTree = BUILT_PRODUCTS_DIR; };
		13A907F51F051658002FCDB2 /* FileProviderExtension.swift */ = {isa = PBXFileReference; lastKnownFileType = sourcecode.swift; path = FileProviderExtension.swift; sourceTree = "<group>"; };
		13A907F71F051658002FCDB2 /* RepositoryItem.swift */ = {isa = PBXFileReference; lastKnownFileType = sourcecode.swift; path = RepositoryItem.swift; sourceTree = "<group>"; };
		13A907F91F051658002FCDB2 /* ArrayEnumerator.swift */ = {isa = PBXFileReference; lastKnownFileType = sourcecode.swift; path = ArrayEnumerator.swift; sourceTree = "<group>"; };
		13A907FB1F051658002FCDB2 /* Info.plist */ = {isa = PBXFileReference; lastKnownFileType = text.plist.xml; path = Info.plist; sourceTree = "<group>"; };
		13A907FC1F051658002FCDB2 /* GithubFileExtension.entitlements */ = {isa = PBXFileReference; lastKnownFileType = text.plist.entitlements; path = GithubFileExtension.entitlements; sourceTree = "<group>"; };
		63DBFA59F8319D418401B13A /* Pods-GithubFileExtension.release.xcconfig */ = {isa = PBXFileReference; includeInIndex = 1; lastKnownFileType = text.xcconfig; name = "Pods-GithubFileExtension.release.xcconfig"; path = "Pods/Target Support Files/Pods-GithubFileExtension/Pods-GithubFileExtension.release.xcconfig"; sourceTree = "<group>"; };
		994A4F0B398B886D055F3CA4 /* Pods_OctoEye.framework */ = {isa = PBXFileReference; explicitFileType = wrapper.framework; includeInIndex = 0; path = Pods_OctoEye.framework; sourceTree = BUILT_PRODUCTS_DIR; };
		A04D7381C95638DDEE3E453D /* Pods-GithubFileExtension.debug.xcconfig */ = {isa = PBXFileReference; includeInIndex = 1; lastKnownFileType = text.xcconfig; name = "Pods-GithubFileExtension.debug.xcconfig"; path = "Pods/Target Support Files/Pods-GithubFileExtension/Pods-GithubFileExtension.debug.xcconfig"; sourceTree = "<group>"; };
		ACF1AA9BD0B9C575E2AA52C9 /* Pods-OctoEye.release.xcconfig */ = {isa = PBXFileReference; includeInIndex = 1; lastKnownFileType = text.xcconfig; name = "Pods-OctoEye.release.xcconfig"; path = "Pods/Target Support Files/Pods-OctoEye/Pods-OctoEye.release.xcconfig"; sourceTree = "<group>"; };
		F235730901C4BC5D9ADED27D /* Pods_GithubFileExtension.framework */ = {isa = PBXFileReference; explicitFileType = wrapper.framework; includeInIndex = 0; path = Pods_GithubFileExtension.framework; sourceTree = BUILT_PRODUCTS_DIR; };
		F8B0585B3F46BD84564C313C /* Pods-OctoEye.debug.xcconfig */ = {isa = PBXFileReference; includeInIndex = 1; lastKnownFileType = text.xcconfig; name = "Pods-OctoEye.debug.xcconfig"; path = "Pods/Target Support Files/Pods-OctoEye/Pods-OctoEye.debug.xcconfig"; sourceTree = "<group>"; };
/* End PBXFileReference section */

/* Begin PBXFrameworksBuildPhase section */
		1310C9E41F0513ED0020A177 /* Frameworks */ = {
			isa = PBXFrameworksBuildPhase;
			buildActionMask = 2147483647;
			files = (
				B2F4C486DC05FEB9E4F26891 /* Pods_OctoEye.framework in Frameworks */,
			);
			runOnlyForDeploymentPostprocessing = 0;
		};
		13A907F01F051658002FCDB2 /* Frameworks */ = {
			isa = PBXFrameworksBuildPhase;
			buildActionMask = 2147483647;
			files = (
				D88C978BFD6948D3CE0713C8 /* Pods_GithubFileExtension.framework in Frameworks */,
			);
			runOnlyForDeploymentPostprocessing = 0;
		};
/* End PBXFrameworksBuildPhase section */

/* Begin PBXGroup section */
		1310C9DE1F0513ED0020A177 = {
			isa = PBXGroup;
			children = (
				1310C9E91F0513ED0020A177 /* OctoEye */,
				13A907F41F051658002FCDB2 /* GithubFileExtension */,
				1310C9E81F0513ED0020A177 /* Products */,
				E6CBC2221FCAB0DCB85FDC7B /* Pods */,
				EE4370855ABC9B2177F60E03 /* Frameworks */,
			);
			sourceTree = "<group>";
		};
		1310C9E81F0513ED0020A177 /* Products */ = {
			isa = PBXGroup;
			children = (
				1310C9E71F0513ED0020A177 /* OctoEye.app */,
				13A907F31F051658002FCDB2 /* GithubFileExtension.appex */,
			);
			name = Products;
			sourceTree = "<group>";
		};
		1310C9E91F0513ED0020A177 /* OctoEye */ = {
			isa = PBXGroup;
			children = (
				1310C9EA1F0513ED0020A177 /* AppDelegate.swift */,
				1310C9EC1F0513ED0020A177 /* ViewController.swift */,
				1310C9EE1F0513ED0020A177 /* Main.storyboard */,
				1310C9F11F0513ED0020A177 /* Assets.xcassets */,
				1310C9F31F0513ED0020A177 /* LaunchScreen.storyboard */,
				1310C9F61F0513ED0020A177 /* Info.plist */,
			);
			path = OctoEye;
			sourceTree = "<group>";
		};
		13A907F41F051658002FCDB2 /* GithubFileExtension */ = {
			isa = PBXGroup;
			children = (
				13D8AC791F05C6B5002B1577 /* GithubAPI */,
				13D8AC7B1F05C6CA002B1577 /* FileProvider */,
				13D8AC7A1F05C6C3002B1577 /* Entity */,
				13A907FB1F051658002FCDB2 /* Info.plist */,
				13A907FC1F051658002FCDB2 /* GithubFileExtension.entitlements */,
			);
			path = GithubFileExtension;
			sourceTree = "<group>";
		};
		13D8AC791F05C6B5002B1577 /* GithubAPI */ = {
			isa = PBXGroup;
			children = (
				130324901F0530A900C0053D /* GithubClient.swift */,
				13911BBC1F07EBC6005EE2C0 /* FetchRootItems.swift */,
				1328C8941F08913D00064124 /* FetchChildItems.swift */,
				13911BBE1F0920F1005EE2C0 /* FetchText.swift */,
				1328C8981F08921700064124 /* TreeObject.swift */,
			);
			path = GithubAPI;
			sourceTree = "<group>";
		};
		13D8AC7A1F05C6C3002B1577 /* Entity */ = {
			isa = PBXGroup;
			children = (
				13A907F71F051658002FCDB2 /* RepositoryItem.swift */,
				1328C89D1F08D08E00064124 /* GithubObjectItem.swift */,
				130324941F053A9F00C0053D /* FileItem.swift */,
			);
			path = Entity;
			sourceTree = "<group>";
		};
		13D8AC7B1F05C6CA002B1577 /* FileProvider */ = {
			isa = PBXGroup;
			children = (
				13A907F51F051658002FCDB2 /* FileProviderExtension.swift */,
				130324921F0536D000C0053D /* FunctionEnumerator.swift */,
				13A907F91F051658002FCDB2 /* ArrayEnumerator.swift */,
			);
			path = FileProvider;
			sourceTree = "<group>";
		};
		E6CBC2221FCAB0DCB85FDC7B /* Pods */ = {
			isa = PBXGroup;
			children = (
				A04D7381C95638DDEE3E453D /* Pods-GithubFileExtension.debug.xcconfig */,
				63DBFA59F8319D418401B13A /* Pods-GithubFileExtension.release.xcconfig */,
				F8B0585B3F46BD84564C313C /* Pods-OctoEye.debug.xcconfig */,
				ACF1AA9BD0B9C575E2AA52C9 /* Pods-OctoEye.release.xcconfig */,
			);
			name = Pods;
			sourceTree = "<group>";
		};
		EE4370855ABC9B2177F60E03 /* Frameworks */ = {
			isa = PBXGroup;
			children = (
				F235730901C4BC5D9ADED27D /* Pods_GithubFileExtension.framework */,
				994A4F0B398B886D055F3CA4 /* Pods_OctoEye.framework */,
			);
			name = Frameworks;
			sourceTree = "<group>";
		};
/* End PBXGroup section */

/* Begin PBXNativeTarget section */
		1310C9E61F0513ED0020A177 /* OctoEye */ = {
			isa = PBXNativeTarget;
			buildConfigurationList = 1310C9F91F0513ED0020A177 /* Build configuration list for PBXNativeTarget "OctoEye" */;
			buildPhases = (
				B5E9151338BD4B172D49620C /* [CP] Check Pods Manifest.lock */,
				1310C9E31F0513ED0020A177 /* Sources */,
				1310C9E41F0513ED0020A177 /* Frameworks */,
				1310C9E51F0513ED0020A177 /* Resources */,
				13A908031F051658002FCDB2 /* Embed App Extensions */,
				224B1B48F32103FA2F7AE96D /* [CP] Embed Pods Frameworks */,
				291E5C48FAB97BEEA3239C0A /* [CP] Copy Pods Resources */,
			);
			buildRules = (
			);
			dependencies = (
				13A907FE1F051658002FCDB2 /* PBXTargetDependency */,
			);
			name = OctoEye;
			productName = OctoEye;
			productReference = 1310C9E71F0513ED0020A177 /* OctoEye.app */;
			productType = "com.apple.product-type.application";
		};
		13A907F21F051658002FCDB2 /* GithubFileExtension */ = {
			isa = PBXNativeTarget;
			buildConfigurationList = 13A908021F051658002FCDB2 /* Build configuration list for PBXNativeTarget "GithubFileExtension" */;
			buildPhases = (
				5DCEFC3C885FCAA273281D81 /* [CP] Check Pods Manifest.lock */,
				13A907EF1F051658002FCDB2 /* Sources */,
				13A907F01F051658002FCDB2 /* Frameworks */,
				13A907F11F051658002FCDB2 /* Resources */,
				1260D14736721B6F3632395C /* [CP] Copy Pods Resources */,
			);
			buildRules = (
			);
			dependencies = (
			);
			name = GithubFileExtension;
			productName = GithubFileExtension;
			productReference = 13A907F31F051658002FCDB2 /* GithubFileExtension.appex */;
			productType = "com.apple.product-type.app-extension";
		};
/* End PBXNativeTarget section */

/* Begin PBXProject section */
		1310C9DF1F0513ED0020A177 /* Project object */ = {
			isa = PBXProject;
			attributes = {
				LastSwiftUpdateCheck = 0900;
				LastUpgradeCheck = 0900;
				ORGANIZATIONNAME = mzp;
				TargetAttributes = {
					1310C9E61F0513ED0020A177 = {
						CreatedOnToolsVersion = 9.0;
					};
					13A907F21F051658002FCDB2 = {
						CreatedOnToolsVersion = 9.0;
					};
				};
			};
			buildConfigurationList = 1310C9E21F0513ED0020A177 /* Build configuration list for PBXProject "OctoEye" */;
			compatibilityVersion = "Xcode 8.0";
			developmentRegion = en;
			hasScannedForEncodings = 0;
			knownRegions = (
				en,
				Base,
			);
			mainGroup = 1310C9DE1F0513ED0020A177;
			productRefGroup = 1310C9E81F0513ED0020A177 /* Products */;
			projectDirPath = "";
			projectRoot = "";
			targets = (
				1310C9E61F0513ED0020A177 /* OctoEye */,
				13A907F21F051658002FCDB2 /* GithubFileExtension */,
			);
		};
/* End PBXProject section */

/* Begin PBXResourcesBuildPhase section */
		1310C9E51F0513ED0020A177 /* Resources */ = {
			isa = PBXResourcesBuildPhase;
			buildActionMask = 2147483647;
			files = (
				1310C9F51F0513ED0020A177 /* LaunchScreen.storyboard in Resources */,
				1310C9F21F0513ED0020A177 /* Assets.xcassets in Resources */,
				1310C9F01F0513ED0020A177 /* Main.storyboard in Resources */,
			);
			runOnlyForDeploymentPostprocessing = 0;
		};
		13A907F11F051658002FCDB2 /* Resources */ = {
			isa = PBXResourcesBuildPhase;
			buildActionMask = 2147483647;
			files = (
			);
			runOnlyForDeploymentPostprocessing = 0;
		};
/* End PBXResourcesBuildPhase section */

/* Begin PBXShellScriptBuildPhase section */
		1260D14736721B6F3632395C /* [CP] Copy Pods Resources */ = {
			isa = PBXShellScriptBuildPhase;
			buildActionMask = 2147483647;
			files = (
			);
			inputPaths = (
			);
			name = "[CP] Copy Pods Resources";
			outputPaths = (
			);
			runOnlyForDeploymentPostprocessing = 0;
			shellPath = /bin/sh;
			shellScript = "\"${SRCROOT}/Pods/Target Support Files/Pods-GithubFileExtension/Pods-GithubFileExtension-resources.sh\"\n";
			showEnvVarsInLog = 0;
		};
		224B1B48F32103FA2F7AE96D /* [CP] Embed Pods Frameworks */ = {
			isa = PBXShellScriptBuildPhase;
			buildActionMask = 2147483647;
			files = (
			);
			inputPaths = (
			);
			name = "[CP] Embed Pods Frameworks";
			outputPaths = (
			);
			runOnlyForDeploymentPostprocessing = 0;
			shellPath = /bin/sh;
			shellScript = "\"${SRCROOT}/Pods/Target Support Files/Pods-OctoEye/Pods-OctoEye-frameworks.sh\"\n";
			showEnvVarsInLog = 0;
		};
		291E5C48FAB97BEEA3239C0A /* [CP] Copy Pods Resources */ = {
			isa = PBXShellScriptBuildPhase;
			buildActionMask = 2147483647;
			files = (
			);
			inputPaths = (
			);
			name = "[CP] Copy Pods Resources";
			outputPaths = (
			);
			runOnlyForDeploymentPostprocessing = 0;
			shellPath = /bin/sh;
			shellScript = "\"${SRCROOT}/Pods/Target Support Files/Pods-OctoEye/Pods-OctoEye-resources.sh\"\n";
			showEnvVarsInLog = 0;
		};
		5DCEFC3C885FCAA273281D81 /* [CP] Check Pods Manifest.lock */ = {
			isa = PBXShellScriptBuildPhase;
			buildActionMask = 2147483647;
			files = (
			);
			inputPaths = (
			);
			name = "[CP] Check Pods Manifest.lock";
			outputPaths = (
			);
			runOnlyForDeploymentPostprocessing = 0;
			shellPath = /bin/sh;
			shellScript = "diff \"${PODS_PODFILE_DIR_PATH}/Podfile.lock\" \"${PODS_ROOT}/Manifest.lock\" > /dev/null\nif [ $? != 0 ] ; then\n    # print error to STDERR\n    echo \"error: The sandbox is not in sync with the Podfile.lock. Run 'pod install' or update your CocoaPods installation.\" >&2\n    exit 1\nfi\n";
			showEnvVarsInLog = 0;
		};
		B5E9151338BD4B172D49620C /* [CP] Check Pods Manifest.lock */ = {
			isa = PBXShellScriptBuildPhase;
			buildActionMask = 2147483647;
			files = (
			);
			inputPaths = (
			);
			name = "[CP] Check Pods Manifest.lock";
			outputPaths = (
			);
			runOnlyForDeploymentPostprocessing = 0;
			shellPath = /bin/sh;
			shellScript = "diff \"${PODS_PODFILE_DIR_PATH}/Podfile.lock\" \"${PODS_ROOT}/Manifest.lock\" > /dev/null\nif [ $? != 0 ] ; then\n    # print error to STDERR\n    echo \"error: The sandbox is not in sync with the Podfile.lock. Run 'pod install' or update your CocoaPods installation.\" >&2\n    exit 1\nfi\n";
			showEnvVarsInLog = 0;
		};
/* End PBXShellScriptBuildPhase section */

/* Begin PBXSourcesBuildPhase section */
		1310C9E31F0513ED0020A177 /* Sources */ = {
			isa = PBXSourcesBuildPhase;
			buildActionMask = 2147483647;
			files = (
				1310C9ED1F0513ED0020A177 /* ViewController.swift in Sources */,
				1310C9EB1F0513ED0020A177 /* AppDelegate.swift in Sources */,
			);
			runOnlyForDeploymentPostprocessing = 0;
		};
		13A907EF1F051658002FCDB2 /* Sources */ = {
			isa = PBXSourcesBuildPhase;
			buildActionMask = 2147483647;
			files = (
				1328C8951F08913D00064124 /* FetchChildItems.swift in Sources */,
				13A907F61F051658002FCDB2 /* FileProviderExtension.swift in Sources */,
				13A907F81F051658002FCDB2 /* RepositoryItem.swift in Sources */,
				13A907FA1F051658002FCDB2 /* ArrayEnumerator.swift in Sources */,
				13911BBD1F07EBC6005EE2C0 /* FetchRootItems.swift in Sources */,
				1328C89E1F08D08E00064124 /* GithubObjectItem.swift in Sources */,
				130324911F05316A00C0053D /* GithubClient.swift in Sources */,
				13911BBF1F0920F1005EE2C0 /* FetchText.swift in Sources */,
				130324951F053A9F00C0053D /* FileItem.swift in Sources */,
				130324931F0536D000C0053D /* FunctionEnumerator.swift in Sources */,
				1328C8991F08921700064124 /* TreeObject.swift in Sources */,
			);
			runOnlyForDeploymentPostprocessing = 0;
		};
/* End PBXSourcesBuildPhase section */

/* Begin PBXTargetDependency section */
		13A907FE1F051658002FCDB2 /* PBXTargetDependency */ = {
			isa = PBXTargetDependency;
			target = 13A907F21F051658002FCDB2 /* GithubFileExtension */;
			targetProxy = 13A907FD1F051658002FCDB2 /* PBXContainerItemProxy */;
		};
/* End PBXTargetDependency section */

/* Begin PBXVariantGroup section */
		1310C9EE1F0513ED0020A177 /* Main.storyboard */ = {
			isa = PBXVariantGroup;
			children = (
				1310C9EF1F0513ED0020A177 /* Base */,
			);
			name = Main.storyboard;
			sourceTree = "<group>";
		};
		1310C9F31F0513ED0020A177 /* LaunchScreen.storyboard */ = {
			isa = PBXVariantGroup;
			children = (
				1310C9F41F0513ED0020A177 /* Base */,
			);
			name = LaunchScreen.storyboard;
			sourceTree = "<group>";
		};
/* End PBXVariantGroup section */

/* Begin XCBuildConfiguration section */
		1310C9F71F0513ED0020A177 /* Debug */ = {
			isa = XCBuildConfiguration;
			buildSettings = {
				ALWAYS_SEARCH_USER_PATHS = NO;
				CLANG_ANALYZER_NONNULL = YES;
				CLANG_ANALYZER_NUMBER_OBJECT_CONVERSION = YES_AGGRESSIVE;
				CLANG_CXX_LANGUAGE_STANDARD = "gnu++14";
				CLANG_CXX_LIBRARY = "libc++";
				CLANG_ENABLE_MODULES = YES;
				CLANG_ENABLE_OBJC_ARC = YES;
				CLANG_WARN_BLOCK_CAPTURE_AUTORELEASING = YES;
				CLANG_WARN_BOOL_CONVERSION = YES;
				CLANG_WARN_COMMA = YES;
				CLANG_WARN_CONSTANT_CONVERSION = YES;
				CLANG_WARN_DIRECT_OBJC_ISA_USAGE = YES_ERROR;
				CLANG_WARN_DOCUMENTATION_COMMENTS = YES;
				CLANG_WARN_EMPTY_BODY = YES;
				CLANG_WARN_ENUM_CONVERSION = YES;
				CLANG_WARN_INFINITE_RECURSION = YES;
				CLANG_WARN_INT_CONVERSION = YES;
				CLANG_WARN_OBJC_ROOT_CLASS = YES_ERROR;
				CLANG_WARN_RANGE_LOOP_ANALYSIS = YES;
				CLANG_WARN_STRICT_PROTOTYPES = YES;
				CLANG_WARN_SUSPICIOUS_MOVE = YES;
				CLANG_WARN_UNGUARDED_AVAILABILITY = YES_AGGRESSIVE;
				CLANG_WARN_UNREACHABLE_CODE = YES;
				CLANG_WARN__DUPLICATE_METHOD_MATCH = YES;
				CODE_SIGN_IDENTITY = "iPhone Developer";
				COPY_PHASE_STRIP = NO;
				DEBUG_INFORMATION_FORMAT = dwarf;
				ENABLE_STRICT_OBJC_MSGSEND = YES;
				ENABLE_TESTABILITY = YES;
				GCC_C_LANGUAGE_STANDARD = gnu11;
				GCC_DYNAMIC_NO_PIC = NO;
				GCC_NO_COMMON_BLOCKS = YES;
				GCC_OPTIMIZATION_LEVEL = 0;
				GCC_PREPROCESSOR_DEFINITIONS = (
					"DEBUG=1",
					"$(inherited)",
				);
				GCC_WARN_64_TO_32_BIT_CONVERSION = YES;
				GCC_WARN_ABOUT_RETURN_TYPE = YES_ERROR;
				GCC_WARN_UNDECLARED_SELECTOR = YES;
				GCC_WARN_UNINITIALIZED_AUTOS = YES_AGGRESSIVE;
				GCC_WARN_UNUSED_FUNCTION = YES;
				GCC_WARN_UNUSED_VARIABLE = YES;
				IPHONEOS_DEPLOYMENT_TARGET = 11.0;
				MTL_ENABLE_DEBUG_INFO = YES;
				ONLY_ACTIVE_ARCH = YES;
				SDKROOT = iphoneos;
				SWIFT_ACTIVE_COMPILATION_CONDITIONS = DEBUG;
				SWIFT_OPTIMIZATION_LEVEL = "-Onone";
			};
			name = Debug;
		};
		1310C9F81F0513ED0020A177 /* Release */ = {
			isa = XCBuildConfiguration;
			buildSettings = {
				ALWAYS_SEARCH_USER_PATHS = NO;
				CLANG_ANALYZER_NONNULL = YES;
				CLANG_ANALYZER_NUMBER_OBJECT_CONVERSION = YES_AGGRESSIVE;
				CLANG_CXX_LANGUAGE_STANDARD = "gnu++14";
				CLANG_CXX_LIBRARY = "libc++";
				CLANG_ENABLE_MODULES = YES;
				CLANG_ENABLE_OBJC_ARC = YES;
				CLANG_WARN_BLOCK_CAPTURE_AUTORELEASING = YES;
				CLANG_WARN_BOOL_CONVERSION = YES;
				CLANG_WARN_COMMA = YES;
				CLANG_WARN_CONSTANT_CONVERSION = YES;
				CLANG_WARN_DIRECT_OBJC_ISA_USAGE = YES_ERROR;
				CLANG_WARN_DOCUMENTATION_COMMENTS = YES;
				CLANG_WARN_EMPTY_BODY = YES;
				CLANG_WARN_ENUM_CONVERSION = YES;
				CLANG_WARN_INFINITE_RECURSION = YES;
				CLANG_WARN_INT_CONVERSION = YES;
				CLANG_WARN_OBJC_ROOT_CLASS = YES_ERROR;
				CLANG_WARN_RANGE_LOOP_ANALYSIS = YES;
				CLANG_WARN_STRICT_PROTOTYPES = YES;
				CLANG_WARN_SUSPICIOUS_MOVE = YES;
				CLANG_WARN_UNGUARDED_AVAILABILITY = YES_AGGRESSIVE;
				CLANG_WARN_UNREACHABLE_CODE = YES;
				CLANG_WARN__DUPLICATE_METHOD_MATCH = YES;
				CODE_SIGN_IDENTITY = "iPhone Developer";
				COPY_PHASE_STRIP = NO;
				DEBUG_INFORMATION_FORMAT = "dwarf-with-dsym";
				ENABLE_NS_ASSERTIONS = NO;
				ENABLE_STRICT_OBJC_MSGSEND = YES;
				GCC_C_LANGUAGE_STANDARD = gnu11;
				GCC_NO_COMMON_BLOCKS = YES;
				GCC_WARN_64_TO_32_BIT_CONVERSION = YES;
				GCC_WARN_ABOUT_RETURN_TYPE = YES_ERROR;
				GCC_WARN_UNDECLARED_SELECTOR = YES;
				GCC_WARN_UNINITIALIZED_AUTOS = YES_AGGRESSIVE;
				GCC_WARN_UNUSED_FUNCTION = YES;
				GCC_WARN_UNUSED_VARIABLE = YES;
				IPHONEOS_DEPLOYMENT_TARGET = 11.0;
				MTL_ENABLE_DEBUG_INFO = NO;
				SDKROOT = iphoneos;
				SWIFT_OPTIMIZATION_LEVEL = "-Owholemodule";
				VALIDATE_PRODUCT = YES;
			};
			name = Release;
		};
		1310C9FA1F0513ED0020A177 /* Debug */ = {
			isa = XCBuildConfiguration;
			baseConfigurationReference = F8B0585B3F46BD84564C313C /* Pods-OctoEye.debug.xcconfig */;
			buildSettings = {
				ALWAYS_EMBED_SWIFT_STANDARD_LIBRARIES = YES;
				ASSETCATALOG_COMPILER_APPICON_NAME = AppIcon;
				DEVELOPMENT_TEAM = VG2YYSKSHY;
				INFOPLIST_FILE = OctoEye/Info.plist;
				LD_RUNPATH_SEARCH_PATHS = "$(inherited) @executable_path/Frameworks";
				PRODUCT_BUNDLE_IDENTIFIER = jp.mzp.OctoEye;
				PRODUCT_NAME = "$(TARGET_NAME)";
				SWIFT_VERSION = 4.0;
				TARGETED_DEVICE_FAMILY = "1,2";
			};
			name = Debug;
		};
		1310C9FB1F0513ED0020A177 /* Release */ = {
			isa = XCBuildConfiguration;
			baseConfigurationReference = ACF1AA9BD0B9C575E2AA52C9 /* Pods-OctoEye.release.xcconfig */;
			buildSettings = {
				ALWAYS_EMBED_SWIFT_STANDARD_LIBRARIES = YES;
				ASSETCATALOG_COMPILER_APPICON_NAME = AppIcon;
				DEVELOPMENT_TEAM = VG2YYSKSHY;
				INFOPLIST_FILE = OctoEye/Info.plist;
				LD_RUNPATH_SEARCH_PATHS = "$(inherited) @executable_path/Frameworks";
				PRODUCT_BUNDLE_IDENTIFIER = jp.mzp.OctoEye;
				PRODUCT_NAME = "$(TARGET_NAME)";
				SWIFT_VERSION = 4.0;
				TARGETED_DEVICE_FAMILY = "1,2";
			};
			name = Release;
		};
		13A908001F051658002FCDB2 /* Debug */ = {
			isa = XCBuildConfiguration;
			baseConfigurationReference = A04D7381C95638DDEE3E453D /* Pods-GithubFileExtension.debug.xcconfig */;
			buildSettings = {
				CODE_SIGN_ENTITLEMENTS = GithubFileExtension/GithubFileExtension.entitlements;
				DEVELOPMENT_TEAM = VG2YYSKSHY;
				INFOPLIST_FILE = GithubFileExtension/Info.plist;
				LD_RUNPATH_SEARCH_PATHS = "$(inherited) @executable_path/Frameworks @executable_path/../../Frameworks";
				PRODUCT_BUNDLE_IDENTIFIER = jp.mzp.OctoEye.GithubFileExtension;
				PRODUCT_NAME = "$(TARGET_NAME)";
				SKIP_INSTALL = YES;
				SWIFT_VERSION = 4.0;
				TARGETED_DEVICE_FAMILY = "1,2";
			};
			name = Debug;
		};
		13A908011F051658002FCDB2 /* Release */ = {
			isa = XCBuildConfiguration;
			baseConfigurationReference = 63DBFA59F8319D418401B13A /* Pods-GithubFileExtension.release.xcconfig */;
			buildSettings = {
				CODE_SIGN_ENTITLEMENTS = GithubFileExtension/GithubFileExtension.entitlements;
				DEVELOPMENT_TEAM = VG2YYSKSHY;
				INFOPLIST_FILE = GithubFileExtension/Info.plist;
				LD_RUNPATH_SEARCH_PATHS = "$(inherited) @executable_path/Frameworks @executable_path/../../Frameworks";
				PRODUCT_BUNDLE_IDENTIFIER = jp.mzp.OctoEye.GithubFileExtension;
				PRODUCT_NAME = "$(TARGET_NAME)";
				SKIP_INSTALL = YES;
				SWIFT_VERSION = 4.0;
				TARGETED_DEVICE_FAMILY = "1,2";
			};
			name = Release;
		};
/* End XCBuildConfiguration section */

/* Begin XCConfigurationList section */
		1310C9E21F0513ED0020A177 /* Build configuration list for PBXProject "OctoEye" */ = {
			isa = XCConfigurationList;
			buildConfigurations = (
				1310C9F71F0513ED0020A177 /* Debug */,
				1310C9F81F0513ED0020A177 /* Release */,
			);
			defaultConfigurationIsVisible = 0;
			defaultConfigurationName = Release;
		};
		1310C9F91F0513ED0020A177 /* Build configuration list for PBXNativeTarget "OctoEye" */ = {
			isa = XCConfigurationList;
			buildConfigurations = (
				1310C9FA1F0513ED0020A177 /* Debug */,
				1310C9FB1F0513ED0020A177 /* Release */,
			);
			defaultConfigurationIsVisible = 0;
			defaultConfigurationName = Release;
		};
		13A908021F051658002FCDB2 /* Build configuration list for PBXNativeTarget "GithubFileExtension" */ = {
			isa = XCConfigurationList;
			buildConfigurations = (
				13A908001F051658002FCDB2 /* Debug */,
				13A908011F051658002FCDB2 /* Release */,
			);
			defaultConfigurationIsVisible = 0;
			defaultConfigurationName = Release;
		};
/* End XCConfigurationList section */
	};
	rootObject = 1310C9DF1F0513ED0020A177 /* Project object */;
}
