// !$*UTF8*$!
{
	archiveVersion = 1;
	classes = {
	};
	objectVersion = 48;
	objects = {

/* Begin PBXBuildFile section */
		130324911F05316A00C0053D /* GithubClient.swift in Sources */ = {isa = PBXBuildFile; fileRef = 130324901F0530A900C0053D /* GithubClient.swift */; };
		130324951F053A9F00C0053D /* FileItem.swift in Sources */ = {isa = PBXBuildFile; fileRef = 130324941F053A9F00C0053D /* FileItem.swift */; };
		1310C9EB1F0513ED0020A177 /* AppDelegate.swift in Sources */ = {isa = PBXBuildFile; fileRef = 1310C9EA1F0513ED0020A177 /* AppDelegate.swift */; };
		1310C9F21F0513ED0020A177 /* Assets.xcassets in Resources */ = {isa = PBXBuildFile; fileRef = 1310C9F11F0513ED0020A177 /* Assets.xcassets */; };
		1310C9F51F0513ED0020A177 /* LaunchScreen.storyboard in Resources */ = {isa = PBXBuildFile; fileRef = 1310C9F31F0513ED0020A177 /* LaunchScreen.storyboard */; };
		1318F1801F12586700116545 /* GithubAuthorization.swift in Sources */ = {isa = PBXBuildFile; fileRef = 1318F17F1F12586700116545 /* GithubAuthorization.swift */; };
		1318F1841F125C9800116545 /* Preferences.swift in Sources */ = {isa = PBXBuildFile; fileRef = 1318F1831F125C9800116545 /* Preferences.swift */; };
		1318F1851F12603E00116545 /* Preferences.swift in Sources */ = {isa = PBXBuildFile; fileRef = 1318F1831F125C9800116545 /* Preferences.swift */; };
		1328C8951F08913D00064124 /* FetchChildItems.swift in Sources */ = {isa = PBXBuildFile; fileRef = 1328C8941F08913D00064124 /* FetchChildItems.swift */; };
		1328C8991F08921700064124 /* TreeObject.swift in Sources */ = {isa = PBXBuildFile; fileRef = 1328C8981F08921700064124 /* TreeObject.swift */; };
		1328C89E1F08D08E00064124 /* GithubObjectItem.swift in Sources */ = {isa = PBXBuildFile; fileRef = 1328C89D1F08D08E00064124 /* GithubObjectItem.swift */; };
		132915071F2F638B00116D94 /* LogoutTest.swift in Sources */ = {isa = PBXBuildFile; fileRef = 132915061F2F638B00116D94 /* LogoutTest.swift */; };
		132915091F2F6E5E00116D94 /* MainNavigationViewController.swift in Sources */ = {isa = PBXBuildFile; fileRef = 132915081F2F6E5E00116D94 /* MainNavigationViewController.swift */; };
		1329150B1F2F70F100116D94 /* MainNavigationTest.swift in Sources */ = {isa = PBXBuildFile; fileRef = 1329150A1F2F70F100116D94 /* MainNavigationTest.swift */; };
		1329150D1F2FDD9100116D94 /* RepositoriesViewController.swift in Sources */ = {isa = PBXBuildFile; fileRef = 1329150C1F2FDD9100116D94 /* RepositoriesViewController.swift */; };
		133FEAD41F2EAD9A0098C812 /* SignalProducer+BrightFuture.swift in Sources */ = {isa = PBXBuildFile; fileRef = 133FEAD31F2EAD9A0098C812 /* SignalProducer+BrightFuture.swift */; };
		133FEAD61F2F4AEA0098C812 /* UIViewController+ErrorReport.swift in Sources */ = {isa = PBXBuildFile; fileRef = 133FEAD51F2F4AEA0098C812 /* UIViewController+ErrorReport.swift */; };
		134A63CA1F1059E4005D2EBD /* FutureEnumeratorSpec.swift in Sources */ = {isa = PBXBuildFile; fileRef = 134A63C91F1059E4005D2EBD /* FutureEnumeratorSpec.swift */; };
		134A63CC1F105A04005D2EBD /* FutureEnumerator.swift in Sources */ = {isa = PBXBuildFile; fileRef = 134A63CB1F105A04005D2EBD /* FutureEnumerator.swift */; };
		134A63CD1F105A04005D2EBD /* FutureEnumerator.swift in Sources */ = {isa = PBXBuildFile; fileRef = 134A63CB1F105A04005D2EBD /* FutureEnumerator.swift */; };
		134A63D21F106B7B005D2EBD /* defaultBranch.json in Resources */ = {isa = PBXBuildFile; fileRef = 134A63D11F106B63005D2EBD /* defaultBranch.json */; };
		134A63D41F106D7B005D2EBD /* fixture.swift in Sources */ = {isa = PBXBuildFile; fileRef = 134A63D31F106D7B005D2EBD /* fixture.swift */; };
		134A63D61F106F6C005D2EBD /* treeObject.json in Resources */ = {isa = PBXBuildFile; fileRef = 134A63D51F106F34005D2EBD /* treeObject.json */; };
		134A63D81F106F88005D2EBD /* blobObject.json in Resources */ = {isa = PBXBuildFile; fileRef = 134A63D71F106F88005D2EBD /* blobObject.json */; };
		134A63DA1F1070BA005D2EBD /* FileProviderExtensionSpec.swift in Sources */ = {isa = PBXBuildFile; fileRef = 134A63D91F1070BA005D2EBD /* FileProviderExtensionSpec.swift */; };
		135B23541F0EF6060025BB95 /* HttpRequest.swift in Sources */ = {isa = PBXBuildFile; fileRef = 1383437D1F0E7D990030DA96 /* HttpRequest.swift */; };
		135B23551F0EF60C0025BB95 /* HttpRequest.swift in Sources */ = {isa = PBXBuildFile; fileRef = 1383437D1F0E7D990030DA96 /* HttpRequest.swift */; };
		135B23571F0EF9960025BB95 /* GithubClientSpec.swift in Sources */ = {isa = PBXBuildFile; fileRef = 135B23561F0EF9960025BB95 /* GithubClientSpec.swift */; };
		13688B4A1F12814C008678AE /* PreferencesSpec.swift in Sources */ = {isa = PBXBuildFile; fileRef = 13688B491F12814C008678AE /* PreferencesSpec.swift */; };
		13688B4B1F1281BD008678AE /* Preferences.swift in Sources */ = {isa = PBXBuildFile; fileRef = 1318F1831F125C9800116545 /* Preferences.swift */; };
		1383437C1F0DAB040030DA96 /* GithubClient.swift in Sources */ = {isa = PBXBuildFile; fileRef = 130324901F0530A900C0053D /* GithubClient.swift */; };
		13911BBD1F07EBC6005EE2C0 /* FetchRootItems.swift in Sources */ = {isa = PBXBuildFile; fileRef = 13911BBC1F07EBC6005EE2C0 /* FetchRootItems.swift */; };
		13911BBF1F0920F1005EE2C0 /* FetchText.swift in Sources */ = {isa = PBXBuildFile; fileRef = 13911BBE1F0920F1005EE2C0 /* FetchText.swift */; };
		13A907F61F051658002FCDB2 /* FileProviderExtension.swift in Sources */ = {isa = PBXBuildFile; fileRef = 13A907F51F051658002FCDB2 /* FileProviderExtension.swift */; };
		13A907F81F051658002FCDB2 /* RepositoryItem.swift in Sources */ = {isa = PBXBuildFile; fileRef = 13A907F71F051658002FCDB2 /* RepositoryItem.swift */; };
		13A907FA1F051658002FCDB2 /* ArrayEnumerator.swift in Sources */ = {isa = PBXBuildFile; fileRef = 13A907F91F051658002FCDB2 /* ArrayEnumerator.swift */; };
		13A907FF1F051658002FCDB2 /* GithubFileExtension.appex in Embed App Extensions */ = {isa = PBXBuildFile; fileRef = 13A907F31F051658002FCDB2 /* GithubFileExtension.appex */; settings = {ATTRIBUTES = (RemoveHeadersOnCopy, ); }; };
		13BAD63D1F2C0DA4003F847F /* PreferencesViewController.swift in Sources */ = {isa = PBXBuildFile; fileRef = 13BAD63C1F2C0DA4003F847F /* PreferencesViewController.swift */; };
		13BAD63F1F2C11D0003F847F /* LoginViewController.swift in Sources */ = {isa = PBXBuildFile; fileRef = 13BAD63E1F2C11D0003F847F /* LoginViewController.swift */; };
		13DC2C4C1F0FAC9900AE09AA /* FetchRootItemsSpec.swift in Sources */ = {isa = PBXBuildFile; fileRef = 13DC2C4B1F0FAC9900AE09AA /* FetchRootItemsSpec.swift */; };
		13DC2C4D1F0FAFD400AE09AA /* FetchRootItems.swift in Sources */ = {isa = PBXBuildFile; fileRef = 13911BBC1F07EBC6005EE2C0 /* FetchRootItems.swift */; };
		13DC2C4E1F0FB00000AE09AA /* TreeObject.swift in Sources */ = {isa = PBXBuildFile; fileRef = 1328C8981F08921700064124 /* TreeObject.swift */; };
		13DC2C4F1F0FB33B00AE09AA /* FetchChildItems.swift in Sources */ = {isa = PBXBuildFile; fileRef = 1328C8941F08913D00064124 /* FetchChildItems.swift */; };
		13DC2C501F0FB34000AE09AA /* FetchText.swift in Sources */ = {isa = PBXBuildFile; fileRef = 13911BBE1F0920F1005EE2C0 /* FetchText.swift */; };
		13DC2C511F0FB34400AE09AA /* FileProviderExtension.swift in Sources */ = {isa = PBXBuildFile; fileRef = 13A907F51F051658002FCDB2 /* FileProviderExtension.swift */; };
		13DC2C531F0FB34400AE09AA /* ArrayEnumerator.swift in Sources */ = {isa = PBXBuildFile; fileRef = 13A907F91F051658002FCDB2 /* ArrayEnumerator.swift */; };
		13DC2C541F0FB34900AE09AA /* RepositoryItem.swift in Sources */ = {isa = PBXBuildFile; fileRef = 13A907F71F051658002FCDB2 /* RepositoryItem.swift */; };
		13DC2C551F0FB34900AE09AA /* GithubObjectItem.swift in Sources */ = {isa = PBXBuildFile; fileRef = 1328C89D1F08D08E00064124 /* GithubObjectItem.swift */; };
		13DC2C561F0FB34900AE09AA /* FileItem.swift in Sources */ = {isa = PBXBuildFile; fileRef = 130324941F053A9F00C0053D /* FileItem.swift */; };
		13DC2C581F0FB36500AE09AA /* FetchChildItemsSpec.swift in Sources */ = {isa = PBXBuildFile; fileRef = 13DC2C571F0FB36500AE09AA /* FetchChildItemsSpec.swift */; };
		13DC2C5A1F0FB59B00AE09AA /* FetchTextSpec.swift in Sources */ = {isa = PBXBuildFile; fileRef = 13DC2C591F0FB59B00AE09AA /* FetchTextSpec.swift */; };
		13DC2C5D1F0FB89800AE09AA /* RepositoryItemSpec.swift in Sources */ = {isa = PBXBuildFile; fileRef = 13DC2C5C1F0FB89800AE09AA /* RepositoryItemSpec.swift */; };
		13DC2C5F1F0FBAF000AE09AA /* GithubObjectItemSpec.swift in Sources */ = {isa = PBXBuildFile; fileRef = 13DC2C5E1F0FBAF000AE09AA /* GithubObjectItemSpec.swift */; };
		13DC2C611F0FBBBC00AE09AA /* FileItemSpec.swift in Sources */ = {isa = PBXBuildFile; fileRef = 13DC2C601F0FBBBC00AE09AA /* FileItemSpec.swift */; };
		13DC2C641F1052C200AE09AA /* ArrayEnumeratorSpec.swift in Sources */ = {isa = PBXBuildFile; fileRef = 13DC2C631F1052C200AE09AA /* ArrayEnumeratorSpec.swift */; };
		13DCDFD21F2F60BF00259CB1 /* LoginTest.swift in Sources */ = {isa = PBXBuildFile; fileRef = 13DCDFD11F2F60BF00259CB1 /* LoginTest.swift */; };
		13E732161F10568E00FE59C1 /* EnumeratorRunner.swift in Sources */ = {isa = PBXBuildFile; fileRef = 13E732151F10568E00FE59C1 /* EnumeratorRunner.swift */; };
		41B8D970B967E1E3B9C6C8BD /* Pods_App_OctoEye.framework in Frameworks */ = {isa = PBXBuildFile; fileRef = 9BC5645D7BC964DC945DD407 /* Pods_App_OctoEye.framework */; };
		6B5F10A9530304DF16925794 /* Pods_App_Tests.framework in Frameworks */ = {isa = PBXBuildFile; fileRef = 00099CE3A4A3871376697194 /* Pods_App_Tests.framework */; };
		B29C483A522378A9B266C111 /* Pods_App_GithubFileExtension.framework in Frameworks */ = {isa = PBXBuildFile; fileRef = 18A5A54E33892609B411DC7E /* Pods_App_GithubFileExtension.framework */; };
/* End PBXBuildFile section */

/* Begin PBXContainerItemProxy section */
		136552AD1F0DA21300B4FDD4 /* PBXContainerItemProxy */ = {
			isa = PBXContainerItemProxy;
			containerPortal = 1310C9DF1F0513ED0020A177 /* Project object */;
			proxyType = 1;
			remoteGlobalIDString = 1310C9E61F0513ED0020A177;
			remoteInfo = OctoEye;
		};
		13A907FD1F051658002FCDB2 /* PBXContainerItemProxy */ = {
			isa = PBXContainerItemProxy;
			containerPortal = 1310C9DF1F0513ED0020A177 /* Project object */;
			proxyType = 1;
			remoteGlobalIDString = 13A907F21F051658002FCDB2;
			remoteInfo = GithubFileExtension;
		};
		13DCDFD41F2F60BF00259CB1 /* PBXContainerItemProxy */ = {
			isa = PBXContainerItemProxy;
			containerPortal = 1310C9DF1F0513ED0020A177 /* Project object */;
			proxyType = 1;
			remoteGlobalIDString = 1310C9E61F0513ED0020A177;
			remoteInfo = OctoEye;
		};
/* End PBXContainerItemProxy section */

/* Begin PBXCopyFilesBuildPhase section */
		13A908031F051658002FCDB2 /* Embed App Extensions */ = {
			isa = PBXCopyFilesBuildPhase;
			buildActionMask = 2147483647;
			dstPath = "";
			dstSubfolderSpec = 13;
			files = (
				13A907FF1F051658002FCDB2 /* GithubFileExtension.appex in Embed App Extensions */,
			);
			name = "Embed App Extensions";
			runOnlyForDeploymentPostprocessing = 0;
		};
/* End PBXCopyFilesBuildPhase section */

/* Begin PBXFileReference section */
		00099CE3A4A3871376697194 /* Pods_App_Tests.framework */ = {isa = PBXFileReference; explicitFileType = wrapper.framework; includeInIndex = 0; path = Pods_App_Tests.framework; sourceTree = BUILT_PRODUCTS_DIR; };
		058117B7BA9321A69F5C0406 /* Pods-App-OctoEye.release.xcconfig */ = {isa = PBXFileReference; includeInIndex = 1; lastKnownFileType = text.xcconfig; name = "Pods-App-OctoEye.release.xcconfig"; path = "Pods/Target Support Files/Pods-App-OctoEye/Pods-App-OctoEye.release.xcconfig"; sourceTree = "<group>"; };
		0F13358B67C99155AFCB911B /* Pods-App-GithubFileExtension.debug.xcconfig */ = {isa = PBXFileReference; includeInIndex = 1; lastKnownFileType = text.xcconfig; name = "Pods-App-GithubFileExtension.debug.xcconfig"; path = "Pods/Target Support Files/Pods-App-GithubFileExtension/Pods-App-GithubFileExtension.debug.xcconfig"; sourceTree = "<group>"; };
		130324901F0530A900C0053D /* GithubClient.swift */ = {isa = PBXFileReference; lastKnownFileType = sourcecode.swift; path = GithubClient.swift; sourceTree = "<group>"; };
		130324941F053A9F00C0053D /* FileItem.swift */ = {isa = PBXFileReference; lastKnownFileType = sourcecode.swift; path = FileItem.swift; sourceTree = "<group>"; };
		1310C9E71F0513ED0020A177 /* OctoEye.app */ = {isa = PBXFileReference; explicitFileType = wrapper.application; includeInIndex = 0; path = OctoEye.app; sourceTree = BUILT_PRODUCTS_DIR; };
		1310C9EA1F0513ED0020A177 /* AppDelegate.swift */ = {isa = PBXFileReference; lastKnownFileType = sourcecode.swift; path = AppDelegate.swift; sourceTree = "<group>"; wrapsLines = 0; };
		1310C9F11F0513ED0020A177 /* Assets.xcassets */ = {isa = PBXFileReference; lastKnownFileType = folder.assetcatalog; path = Assets.xcassets; sourceTree = "<group>"; };
		1310C9F41F0513ED0020A177 /* Base */ = {isa = PBXFileReference; lastKnownFileType = file.storyboard; name = Base; path = Base.lproj/LaunchScreen.storyboard; sourceTree = "<group>"; };
		1310C9F61F0513ED0020A177 /* Info.plist */ = {isa = PBXFileReference; lastKnownFileType = text.plist.xml; path = Info.plist; sourceTree = "<group>"; };
		1318F17F1F12586700116545 /* GithubAuthorization.swift */ = {isa = PBXFileReference; lastKnownFileType = sourcecode.swift; path = GithubAuthorization.swift; sourceTree = "<group>"; };
		1318F1831F125C9800116545 /* Preferences.swift */ = {isa = PBXFileReference; lastKnownFileType = sourcecode.swift; path = Preferences.swift; sourceTree = "<group>"; };
		1328C8941F08913D00064124 /* FetchChildItems.swift */ = {isa = PBXFileReference; lastKnownFileType = sourcecode.swift; path = FetchChildItems.swift; sourceTree = "<group>"; };
		1328C8981F08921700064124 /* TreeObject.swift */ = {isa = PBXFileReference; lastKnownFileType = sourcecode.swift; path = TreeObject.swift; sourceTree = "<group>"; };
		1328C89D1F08D08E00064124 /* GithubObjectItem.swift */ = {isa = PBXFileReference; lastKnownFileType = sourcecode.swift; path = GithubObjectItem.swift; sourceTree = "<group>"; };
		132915061F2F638B00116D94 /* LogoutTest.swift */ = {isa = PBXFileReference; lastKnownFileType = sourcecode.swift; path = LogoutTest.swift; sourceTree = "<group>"; };
		132915081F2F6E5E00116D94 /* MainNavigationViewController.swift */ = {isa = PBXFileReference; lastKnownFileType = sourcecode.swift; path = MainNavigationViewController.swift; sourceTree = "<group>"; };
		1329150A1F2F70F100116D94 /* MainNavigationTest.swift */ = {isa = PBXFileReference; lastKnownFileType = sourcecode.swift; path = MainNavigationTest.swift; sourceTree = "<group>"; };
		1329150C1F2FDD9100116D94 /* RepositoriesViewController.swift */ = {isa = PBXFileReference; lastKnownFileType = sourcecode.swift; path = RepositoriesViewController.swift; sourceTree = "<group>"; };
		133FEAD31F2EAD9A0098C812 /* SignalProducer+BrightFuture.swift */ = {isa = PBXFileReference; lastKnownFileType = sourcecode.swift; path = "SignalProducer+BrightFuture.swift"; sourceTree = "<group>"; };
		133FEAD51F2F4AEA0098C812 /* UIViewController+ErrorReport.swift */ = {isa = PBXFileReference; lastKnownFileType = sourcecode.swift; path = "UIViewController+ErrorReport.swift"; sourceTree = "<group>"; };
		134A63C91F1059E4005D2EBD /* FutureEnumeratorSpec.swift */ = {isa = PBXFileReference; lastKnownFileType = sourcecode.swift; path = FutureEnumeratorSpec.swift; sourceTree = "<group>"; };
		134A63CB1F105A04005D2EBD /* FutureEnumerator.swift */ = {isa = PBXFileReference; lastKnownFileType = sourcecode.swift; path = FutureEnumerator.swift; sourceTree = "<group>"; };
		134A63D11F106B63005D2EBD /* defaultBranch.json */ = {isa = PBXFileReference; lastKnownFileType = text.json; path = defaultBranch.json; sourceTree = "<group>"; };
		134A63D31F106D7B005D2EBD /* fixture.swift */ = {isa = PBXFileReference; lastKnownFileType = sourcecode.swift; path = fixture.swift; sourceTree = "<group>"; };
		134A63D51F106F34005D2EBD /* treeObject.json */ = {isa = PBXFileReference; lastKnownFileType = text.json; path = treeObject.json; sourceTree = "<group>"; };
		134A63D71F106F88005D2EBD /* blobObject.json */ = {isa = PBXFileReference; lastKnownFileType = text.json; path = blobObject.json; sourceTree = "<group>"; };
		134A63D91F1070BA005D2EBD /* FileProviderExtensionSpec.swift */ = {isa = PBXFileReference; lastKnownFileType = sourcecode.swift; path = FileProviderExtensionSpec.swift; sourceTree = "<group>"; };
		135B23561F0EF9960025BB95 /* GithubClientSpec.swift */ = {isa = PBXFileReference; lastKnownFileType = sourcecode.swift; path = GithubClientSpec.swift; sourceTree = "<group>"; };
		136552A81F0DA21300B4FDD4 /* Tests.xctest */ = {isa = PBXFileReference; explicitFileType = wrapper.cfbundle; includeInIndex = 0; path = Tests.xctest; sourceTree = BUILT_PRODUCTS_DIR; };
		136552AC1F0DA21300B4FDD4 /* Info.plist */ = {isa = PBXFileReference; lastKnownFileType = text.plist.xml; path = Info.plist; sourceTree = "<group>"; };
		13688B491F12814C008678AE /* PreferencesSpec.swift */ = {isa = PBXFileReference; lastKnownFileType = sourcecode.swift; path = PreferencesSpec.swift; sourceTree = "<group>"; };
		1383437D1F0E7D990030DA96 /* HttpRequest.swift */ = {isa = PBXFileReference; lastKnownFileType = sourcecode.swift; path = HttpRequest.swift; sourceTree = "<group>"; };
		13911BBC1F07EBC6005EE2C0 /* FetchRootItems.swift */ = {isa = PBXFileReference; lastKnownFileType = sourcecode.swift; path = FetchRootItems.swift; sourceTree = "<group>"; };
		13911BBE1F0920F1005EE2C0 /* FetchText.swift */ = {isa = PBXFileReference; lastKnownFileType = sourcecode.swift; path = FetchText.swift; sourceTree = "<group>"; };
		13A907F31F051658002FCDB2 /* GithubFileExtension.appex */ = {isa = PBXFileReference; explicitFileType = "wrapper.app-extension"; includeInIndex = 0; path = GithubFileExtension.appex; sourceTree = BUILT_PRODUCTS_DIR; };
		13A907F51F051658002FCDB2 /* FileProviderExtension.swift */ = {isa = PBXFileReference; lastKnownFileType = sourcecode.swift; path = FileProviderExtension.swift; sourceTree = "<group>"; };
		13A907F71F051658002FCDB2 /* RepositoryItem.swift */ = {isa = PBXFileReference; lastKnownFileType = sourcecode.swift; path = RepositoryItem.swift; sourceTree = "<group>"; };
		13A907F91F051658002FCDB2 /* ArrayEnumerator.swift */ = {isa = PBXFileReference; lastKnownFileType = sourcecode.swift; path = ArrayEnumerator.swift; sourceTree = "<group>"; };
		13A907FB1F051658002FCDB2 /* Info.plist */ = {isa = PBXFileReference; lastKnownFileType = text.plist.xml; path = Info.plist; sourceTree = "<group>"; };
		13A907FC1F051658002FCDB2 /* GithubFileExtension.entitlements */ = {isa = PBXFileReference; lastKnownFileType = text.plist.entitlements; path = GithubFileExtension.entitlements; sourceTree = "<group>"; };
		13AD05AA1F107AC100CB2B12 /* OctoEye.entitlements */ = {isa = PBXFileReference; lastKnownFileType = text.plist.entitlements; path = OctoEye.entitlements; sourceTree = "<group>"; };
		13BAD63C1F2C0DA4003F847F /* PreferencesViewController.swift */ = {isa = PBXFileReference; lastKnownFileType = sourcecode.swift; path = PreferencesViewController.swift; sourceTree = "<group>"; };
		13BAD63E1F2C11D0003F847F /* LoginViewController.swift */ = {isa = PBXFileReference; lastKnownFileType = sourcecode.swift; path = LoginViewController.swift; sourceTree = "<group>"; };
		13DC2C4B1F0FAC9900AE09AA /* FetchRootItemsSpec.swift */ = {isa = PBXFileReference; lastKnownFileType = sourcecode.swift; path = FetchRootItemsSpec.swift; sourceTree = "<group>"; };
		13DC2C571F0FB36500AE09AA /* FetchChildItemsSpec.swift */ = {isa = PBXFileReference; lastKnownFileType = sourcecode.swift; path = FetchChildItemsSpec.swift; sourceTree = "<group>"; };
		13DC2C591F0FB59B00AE09AA /* FetchTextSpec.swift */ = {isa = PBXFileReference; lastKnownFileType = sourcecode.swift; path = FetchTextSpec.swift; sourceTree = "<group>"; };
		13DC2C5C1F0FB89800AE09AA /* RepositoryItemSpec.swift */ = {isa = PBXFileReference; lastKnownFileType = sourcecode.swift; path = RepositoryItemSpec.swift; sourceTree = "<group>"; };
		13DC2C5E1F0FBAF000AE09AA /* GithubObjectItemSpec.swift */ = {isa = PBXFileReference; lastKnownFileType = sourcecode.swift; path = GithubObjectItemSpec.swift; sourceTree = "<group>"; };
		13DC2C601F0FBBBC00AE09AA /* FileItemSpec.swift */ = {isa = PBXFileReference; lastKnownFileType = sourcecode.swift; path = FileItemSpec.swift; sourceTree = "<group>"; };
		13DC2C631F1052C200AE09AA /* ArrayEnumeratorSpec.swift */ = {isa = PBXFileReference; lastKnownFileType = sourcecode.swift; path = ArrayEnumeratorSpec.swift; sourceTree = "<group>"; };
		13DCDFCF1F2F60BE00259CB1 /* UITest.xctest */ = {isa = PBXFileReference; explicitFileType = wrapper.cfbundle; includeInIndex = 0; path = UITest.xctest; sourceTree = BUILT_PRODUCTS_DIR; };
		13DCDFD11F2F60BF00259CB1 /* LoginTest.swift */ = {isa = PBXFileReference; lastKnownFileType = sourcecode.swift; path = LoginTest.swift; sourceTree = "<group>"; };
		13DCDFD31F2F60BF00259CB1 /* Info.plist */ = {isa = PBXFileReference; lastKnownFileType = text.plist.xml; path = Info.plist; sourceTree = "<group>"; };
		13E732151F10568E00FE59C1 /* EnumeratorRunner.swift */ = {isa = PBXFileReference; lastKnownFileType = sourcecode.swift; path = EnumeratorRunner.swift; sourceTree = "<group>"; };
		18A5A54E33892609B411DC7E /* Pods_App_GithubFileExtension.framework */ = {isa = PBXFileReference; explicitFileType = wrapper.framework; includeInIndex = 0; path = Pods_App_GithubFileExtension.framework; sourceTree = BUILT_PRODUCTS_DIR; };
		2CF5D1FC17C72172751B35CE /* Pods-App-Tests.debug.xcconfig */ = {isa = PBXFileReference; includeInIndex = 1; lastKnownFileType = text.xcconfig; name = "Pods-App-Tests.debug.xcconfig"; path = "Pods/Target Support Files/Pods-App-Tests/Pods-App-Tests.debug.xcconfig"; sourceTree = "<group>"; };
		35A4BAE82805AE63958FC620 /* Pods-App-Tests.release.xcconfig */ = {isa = PBXFileReference; includeInIndex = 1; lastKnownFileType = text.xcconfig; name = "Pods-App-Tests.release.xcconfig"; path = "Pods/Target Support Files/Pods-App-Tests/Pods-App-Tests.release.xcconfig"; sourceTree = "<group>"; };
		7BA104F4B7550FD25C86209D /* Pods-App-GithubFileExtension.release.xcconfig */ = {isa = PBXFileReference; includeInIndex = 1; lastKnownFileType = text.xcconfig; name = "Pods-App-GithubFileExtension.release.xcconfig"; path = "Pods/Target Support Files/Pods-App-GithubFileExtension/Pods-App-GithubFileExtension.release.xcconfig"; sourceTree = "<group>"; };
		994A4F0B398B886D055F3CA4 /* Pods_OctoEye.framework */ = {isa = PBXFileReference; explicitFileType = wrapper.framework; includeInIndex = 0; path = Pods_OctoEye.framework; sourceTree = BUILT_PRODUCTS_DIR; };
		9BC5645D7BC964DC945DD407 /* Pods_App_OctoEye.framework */ = {isa = PBXFileReference; explicitFileType = wrapper.framework; includeInIndex = 0; path = Pods_App_OctoEye.framework; sourceTree = BUILT_PRODUCTS_DIR; };
		C0257ABC418D3844E2E3EBFC /* Pods-App-OctoEye.debug.xcconfig */ = {isa = PBXFileReference; includeInIndex = 1; lastKnownFileType = text.xcconfig; name = "Pods-App-OctoEye.debug.xcconfig"; path = "Pods/Target Support Files/Pods-App-OctoEye/Pods-App-OctoEye.debug.xcconfig"; sourceTree = "<group>"; };
		F235730901C4BC5D9ADED27D /* Pods_GithubFileExtension.framework */ = {isa = PBXFileReference; explicitFileType = wrapper.framework; includeInIndex = 0; path = Pods_GithubFileExtension.framework; sourceTree = BUILT_PRODUCTS_DIR; };
/* End PBXFileReference section */

/* Begin PBXFrameworksBuildPhase section */
		1310C9E41F0513ED0020A177 /* Frameworks */ = {
			isa = PBXFrameworksBuildPhase;
			buildActionMask = 2147483647;
			files = (
				41B8D970B967E1E3B9C6C8BD /* Pods_App_OctoEye.framework in Frameworks */,
			);
			runOnlyForDeploymentPostprocessing = 0;
		};
		136552A51F0DA21300B4FDD4 /* Frameworks */ = {
			isa = PBXFrameworksBuildPhase;
			buildActionMask = 2147483647;
			files = (
				6B5F10A9530304DF16925794 /* Pods_App_Tests.framework in Frameworks */,
			);
			runOnlyForDeploymentPostprocessing = 0;
		};
		13A907F01F051658002FCDB2 /* Frameworks */ = {
			isa = PBXFrameworksBuildPhase;
			buildActionMask = 2147483647;
			files = (
				B29C483A522378A9B266C111 /* Pods_App_GithubFileExtension.framework in Frameworks */,
			);
			runOnlyForDeploymentPostprocessing = 0;
		};
		13DCDFCC1F2F60BE00259CB1 /* Frameworks */ = {
			isa = PBXFrameworksBuildPhase;
			buildActionMask = 2147483647;
			files = (
			);
			runOnlyForDeploymentPostprocessing = 0;
		};
/* End PBXFrameworksBuildPhase section */

/* Begin PBXGroup section */
		1310C9DE1F0513ED0020A177 = {
			isa = PBXGroup;
			children = (
				13AD05AA1F107AC100CB2B12 /* OctoEye.entitlements */,
				13911BC41F0C5E07005EE2C0 /* Sources */,
				136552A91F0DA21300B4FDD4 /* Tests */,
				13E7202E1F1503F400A70CE2 /* Resources */,
				1310C9E81F0513ED0020A177 /* Products */,
				E6CBC2221FCAB0DCB85FDC7B /* Pods */,
				EE4370855ABC9B2177F60E03 /* Frameworks */,
			);
			sourceTree = "<group>";
		};
		1310C9E81F0513ED0020A177 /* Products */ = {
			isa = PBXGroup;
			children = (
				1310C9E71F0513ED0020A177 /* OctoEye.app */,
				13A907F31F051658002FCDB2 /* GithubFileExtension.appex */,
				136552A81F0DA21300B4FDD4 /* Tests.xctest */,
				13DCDFCF1F2F60BE00259CB1 /* UITest.xctest */,
			);
			name = Products;
			sourceTree = "<group>";
		};
		1310C9E91F0513ED0020A177 /* OctoEye */ = {
			isa = PBXGroup;
			children = (
				1318F17E1F12584100116545 /* GithubAPI */,
				13BAD63B1F2C0D35003F847F /* Controller */,
				1310C9EA1F0513ED0020A177 /* AppDelegate.swift */,
				1310C9F31F0513ED0020A177 /* LaunchScreen.storyboard */,
				1310C9F61F0513ED0020A177 /* Info.plist */,
			);
			path = OctoEye;
			sourceTree = "<group>";
		};
		1318F17E1F12584100116545 /* GithubAPI */ = {
			isa = PBXGroup;
			children = (
				1318F17F1F12586700116545 /* GithubAuthorization.swift */,
			);
			name = GithubAPI;
			sourceTree = "<group>";
		};
		1318F1821F125C7500116545 /* Preferences */ = {
			isa = PBXGroup;
			children = (
				1318F1831F125C9800116545 /* Preferences.swift */,
			);
			path = Preferences;
			sourceTree = "<group>";
		};
		133FEAD21F2EAD7A0098C812 /* Extensions */ = {
			isa = PBXGroup;
			children = (
				133FEAD31F2EAD9A0098C812 /* SignalProducer+BrightFuture.swift */,
				133FEAD51F2F4AEA0098C812 /* UIViewController+ErrorReport.swift */,
			);
			path = Extensions;
			sourceTree = "<group>";
		};
		134A63CE1F106B10005D2EBD /* Fixtures */ = {
			isa = PBXGroup;
			children = (
				134A63D11F106B63005D2EBD /* defaultBranch.json */,
				134A63D51F106F34005D2EBD /* treeObject.json */,
				134A63D71F106F88005D2EBD /* blobObject.json */,
				134A63D31F106D7B005D2EBD /* fixture.swift */,
			);
			path = Fixtures;
			sourceTree = "<group>";
		};
		136552A91F0DA21300B4FDD4 /* Tests */ = {
			isa = PBXGroup;
			children = (
				134A63CE1F106B10005D2EBD /* Fixtures */,
				13DCDFB91F2F600F00259CB1 /* Unit */,
				13DCDFCA1F2F609800259CB1 /* UI */,
				136552AC1F0DA21300B4FDD4 /* Info.plist */,
			);
			path = Tests;
			sourceTree = "<group>";
		};
		13688B481F128125008678AE /* Preferences */ = {
			isa = PBXGroup;
			children = (
				13688B491F12814C008678AE /* PreferencesSpec.swift */,
			);
			path = Preferences;
			sourceTree = "<group>";
		};
		138343781F0DA9D00030DA96 /* GithubAPI */ = {
			isa = PBXGroup;
			children = (
				135B23561F0EF9960025BB95 /* GithubClientSpec.swift */,
				13DC2C4B1F0FAC9900AE09AA /* FetchRootItemsSpec.swift */,
				13DC2C571F0FB36500AE09AA /* FetchChildItemsSpec.swift */,
				13DC2C591F0FB59B00AE09AA /* FetchTextSpec.swift */,
			);
			path = GithubAPI;
			sourceTree = "<group>";
		};
		138343791F0DA9E30030DA96 /* GithubFileExtension */ = {
			isa = PBXGroup;
			children = (
				138343781F0DA9D00030DA96 /* GithubAPI */,
				13DC2C621F1052AC00AE09AA /* FileProvider */,
				13DC2C5B1F0FB86900AE09AA /* Entity */,
			);
			path = GithubFileExtension;
			sourceTree = "<group>";
		};
		13911BC41F0C5E07005EE2C0 /* Sources */ = {
			isa = PBXGroup;
			children = (
				133FEAD21F2EAD7A0098C812 /* Extensions */,
				1318F1821F125C7500116545 /* Preferences */,
				1310C9E91F0513ED0020A177 /* OctoEye */,
				13A907F41F051658002FCDB2 /* GithubFileExtension */,
			);
			path = Sources;
			sourceTree = "<group>";
		};
		13A907F41F051658002FCDB2 /* GithubFileExtension */ = {
			isa = PBXGroup;
			children = (
				13D8AC791F05C6B5002B1577 /* GithubAPI */,
				13D8AC7B1F05C6CA002B1577 /* FileProvider */,
				13D8AC7A1F05C6C3002B1577 /* Entity */,
				13A907FB1F051658002FCDB2 /* Info.plist */,
				13A907FC1F051658002FCDB2 /* GithubFileExtension.entitlements */,
			);
			path = GithubFileExtension;
			sourceTree = "<group>";
		};
		13BAD63B1F2C0D35003F847F /* Controller */ = {
			isa = PBXGroup;
			children = (
				13BAD63E1F2C11D0003F847F /* LoginViewController.swift */,
				132915081F2F6E5E00116D94 /* MainNavigationViewController.swift */,
				1329150C1F2FDD9100116D94 /* RepositoriesViewController.swift */,
				13BAD63C1F2C0DA4003F847F /* PreferencesViewController.swift */,
			);
			path = Controller;
			sourceTree = "<group>";
		};
		13D8AC791F05C6B5002B1577 /* GithubAPI */ = {
			isa = PBXGroup;
			children = (
				130324901F0530A900C0053D /* GithubClient.swift */,
				1383437D1F0E7D990030DA96 /* HttpRequest.swift */,
				13911BBC1F07EBC6005EE2C0 /* FetchRootItems.swift */,
				1328C8941F08913D00064124 /* FetchChildItems.swift */,
				13911BBE1F0920F1005EE2C0 /* FetchText.swift */,
				1328C8981F08921700064124 /* TreeObject.swift */,
			);
			path = GithubAPI;
			sourceTree = "<group>";
		};
		13D8AC7A1F05C6C3002B1577 /* Entity */ = {
			isa = PBXGroup;
			children = (
				13A907F71F051658002FCDB2 /* RepositoryItem.swift */,
				1328C89D1F08D08E00064124 /* GithubObjectItem.swift */,
				130324941F053A9F00C0053D /* FileItem.swift */,
			);
			path = Entity;
			sourceTree = "<group>";
		};
		13D8AC7B1F05C6CA002B1577 /* FileProvider */ = {
			isa = PBXGroup;
			children = (
				13A907F51F051658002FCDB2 /* FileProviderExtension.swift */,
				134A63CB1F105A04005D2EBD /* FutureEnumerator.swift */,
				13A907F91F051658002FCDB2 /* ArrayEnumerator.swift */,
			);
			path = FileProvider;
			sourceTree = "<group>";
		};
		13DC2C5B1F0FB86900AE09AA /* Entity */ = {
			isa = PBXGroup;
			children = (
				13DC2C5C1F0FB89800AE09AA /* RepositoryItemSpec.swift */,
				13DC2C5E1F0FBAF000AE09AA /* GithubObjectItemSpec.swift */,
				13DC2C601F0FBBBC00AE09AA /* FileItemSpec.swift */,
			);
			path = Entity;
			sourceTree = "<group>";
		};
		13DC2C621F1052AC00AE09AA /* FileProvider */ = {
			isa = PBXGroup;
			children = (
				134A63D91F1070BA005D2EBD /* FileProviderExtensionSpec.swift */,
				13DC2C631F1052C200AE09AA /* ArrayEnumeratorSpec.swift */,
				134A63C91F1059E4005D2EBD /* FutureEnumeratorSpec.swift */,
				13E732151F10568E00FE59C1 /* EnumeratorRunner.swift */,
			);
			path = FileProvider;
			sourceTree = "<group>";
		};
		13DCDFB91F2F600F00259CB1 /* Unit */ = {
			isa = PBXGroup;
			children = (
				13688B481F128125008678AE /* Preferences */,
				138343791F0DA9E30030DA96 /* GithubFileExtension */,
			);
			path = Unit;
			sourceTree = "<group>";
		};
		13DCDFCA1F2F609800259CB1 /* UI */ = {
			isa = PBXGroup;
			children = (
				13DCDFD11F2F60BF00259CB1 /* LoginTest.swift */,
				132915061F2F638B00116D94 /* LogoutTest.swift */,
				1329150A1F2F70F100116D94 /* MainNavigationTest.swift */,
				13DCDFD31F2F60BF00259CB1 /* Info.plist */,
			);
			path = UI;
			sourceTree = "<group>";
		};
		13E7202E1F1503F400A70CE2 /* Resources */ = {
			isa = PBXGroup;
			children = (
				1310C9F11F0513ED0020A177 /* Assets.xcassets */,
			);
			path = Resources;
			sourceTree = "<group>";
		};
		E6CBC2221FCAB0DCB85FDC7B /* Pods */ = {
			isa = PBXGroup;
			children = (
				0F13358B67C99155AFCB911B /* Pods-App-GithubFileExtension.debug.xcconfig */,
				7BA104F4B7550FD25C86209D /* Pods-App-GithubFileExtension.release.xcconfig */,
				C0257ABC418D3844E2E3EBFC /* Pods-App-OctoEye.debug.xcconfig */,
				058117B7BA9321A69F5C0406 /* Pods-App-OctoEye.release.xcconfig */,
				2CF5D1FC17C72172751B35CE /* Pods-App-Tests.debug.xcconfig */,
				35A4BAE82805AE63958FC620 /* Pods-App-Tests.release.xcconfig */,
			);
			name = Pods;
			sourceTree = "<group>";
		};
		EE4370855ABC9B2177F60E03 /* Frameworks */ = {
			isa = PBXGroup;
			children = (
				F235730901C4BC5D9ADED27D /* Pods_GithubFileExtension.framework */,
				994A4F0B398B886D055F3CA4 /* Pods_OctoEye.framework */,
				18A5A54E33892609B411DC7E /* Pods_App_GithubFileExtension.framework */,
				9BC5645D7BC964DC945DD407 /* Pods_App_OctoEye.framework */,
				00099CE3A4A3871376697194 /* Pods_App_Tests.framework */,
			);
			name = Frameworks;
			sourceTree = "<group>";
		};
/* End PBXGroup section */

/* Begin PBXNativeTarget section */
		1310C9E61F0513ED0020A177 /* OctoEye */ = {
			isa = PBXNativeTarget;
			buildConfigurationList = 1310C9F91F0513ED0020A177 /* Build configuration list for PBXNativeTarget "OctoEye" */;
			buildPhases = (
				B5E9151338BD4B172D49620C /* [CP] Check Pods Manifest.lock */,
				13911BC11F0C543F005EE2C0 /* SwiftLint */,
				1310C9E31F0513ED0020A177 /* Sources */,
				1310C9E41F0513ED0020A177 /* Frameworks */,
				1310C9E51F0513ED0020A177 /* Resources */,
				13A908031F051658002FCDB2 /* Embed App Extensions */,
				224B1B48F32103FA2F7AE96D /* [CP] Embed Pods Frameworks */,
				291E5C48FAB97BEEA3239C0A /* [CP] Copy Pods Resources */,
			);
			buildRules = (
			);
			dependencies = (
				13A907FE1F051658002FCDB2 /* PBXTargetDependency */,
			);
			name = OctoEye;
			productName = OctoEye;
			productReference = 1310C9E71F0513ED0020A177 /* OctoEye.app */;
			productType = "com.apple.product-type.application";
		};
		136552A71F0DA21300B4FDD4 /* Tests */ = {
			isa = PBXNativeTarget;
			buildConfigurationList = 136552B11F0DA21300B4FDD4 /* Build configuration list for PBXNativeTarget "Tests" */;
			buildPhases = (
				FCEC8A23A8C1E3717A85C6F3 /* [CP] Check Pods Manifest.lock */,
				136552A41F0DA21300B4FDD4 /* Sources */,
				136552A51F0DA21300B4FDD4 /* Frameworks */,
				136552A61F0DA21300B4FDD4 /* Resources */,
				5AE80C023FB4108C3315DEF8 /* [CP] Embed Pods Frameworks */,
				70B071AEC9CB416C35635AD7 /* [CP] Copy Pods Resources */,
			);
			buildRules = (
			);
			dependencies = (
				136552AE1F0DA21300B4FDD4 /* PBXTargetDependency */,
			);
			name = Tests;
			productName = Tests;
			productReference = 136552A81F0DA21300B4FDD4 /* Tests.xctest */;
			productType = "com.apple.product-type.bundle.unit-test";
		};
		13A907F21F051658002FCDB2 /* GithubFileExtension */ = {
			isa = PBXNativeTarget;
			buildConfigurationList = 13A908021F051658002FCDB2 /* Build configuration list for PBXNativeTarget "GithubFileExtension" */;
			buildPhases = (
				5DCEFC3C885FCAA273281D81 /* [CP] Check Pods Manifest.lock */,
				13A907EF1F051658002FCDB2 /* Sources */,
				13A907F01F051658002FCDB2 /* Frameworks */,
				13A907F11F051658002FCDB2 /* Resources */,
				1260D14736721B6F3632395C /* [CP] Copy Pods Resources */,
			);
			buildRules = (
			);
			dependencies = (
			);
			name = GithubFileExtension;
			productName = GithubFileExtension;
			productReference = 13A907F31F051658002FCDB2 /* GithubFileExtension.appex */;
			productType = "com.apple.product-type.app-extension";
		};
		13DCDFCE1F2F60BE00259CB1 /* UITest */ = {
			isa = PBXNativeTarget;
			buildConfigurationList = 13DCDFD61F2F60BF00259CB1 /* Build configuration list for PBXNativeTarget "UITest" */;
			buildPhases = (
				13DCDFCB1F2F60BE00259CB1 /* Sources */,
				13DCDFCC1F2F60BE00259CB1 /* Frameworks */,
				13DCDFCD1F2F60BE00259CB1 /* Resources */,
			);
			buildRules = (
			);
			dependencies = (
				13DCDFD51F2F60BF00259CB1 /* PBXTargetDependency */,
			);
			name = UITest;
			productName = UI;
			productReference = 13DCDFCF1F2F60BE00259CB1 /* UITest.xctest */;
			productType = "com.apple.product-type.bundle.ui-testing";
		};
/* End PBXNativeTarget section */

/* Begin PBXProject section */
		1310C9DF1F0513ED0020A177 /* Project object */ = {
			isa = PBXProject;
			attributes = {
				LastSwiftUpdateCheck = 0900;
				LastUpgradeCheck = 0900;
				ORGANIZATIONNAME = mzp;
				TargetAttributes = {
					1310C9E61F0513ED0020A177 = {
						CreatedOnToolsVersion = 9.0;
						ProvisioningStyle = Manual;
						SystemCapabilities = {
							com.apple.ApplicationGroups.iOS = {
								enabled = 1;
							};
						};
					};
					136552A71F0DA21300B4FDD4 = {
						CreatedOnToolsVersion = 9.0;
						DevelopmentTeam = VG2YYSKSHY;
						ProvisioningStyle = Manual;
						TestTargetID = 1310C9E61F0513ED0020A177;
					};
					13A907F21F051658002FCDB2 = {
						CreatedOnToolsVersion = 9.0;
						ProvisioningStyle = Manual;
					};
					13DCDFCE1F2F60BE00259CB1 = {
						CreatedOnToolsVersion = 9.0;
						TestTargetID = 1310C9E61F0513ED0020A177;
					};
				};
			};
			buildConfigurationList = 1310C9E21F0513ED0020A177 /* Build configuration list for PBXProject "OctoEye" */;
			compatibilityVersion = "Xcode 8.0";
			developmentRegion = en;
			hasScannedForEncodings = 0;
			knownRegions = (
				en,
				Base,
			);
			mainGroup = 1310C9DE1F0513ED0020A177;
			productRefGroup = 1310C9E81F0513ED0020A177 /* Products */;
			projectDirPath = "";
			projectRoot = "";
			targets = (
				1310C9E61F0513ED0020A177 /* OctoEye */,
				13A907F21F051658002FCDB2 /* GithubFileExtension */,
				136552A71F0DA21300B4FDD4 /* Tests */,
				13DCDFCE1F2F60BE00259CB1 /* UITest */,
			);
		};
/* End PBXProject section */

/* Begin PBXResourcesBuildPhase section */
		1310C9E51F0513ED0020A177 /* Resources */ = {
			isa = PBXResourcesBuildPhase;
			buildActionMask = 2147483647;
			files = (
				1310C9F51F0513ED0020A177 /* LaunchScreen.storyboard in Resources */,
				1310C9F21F0513ED0020A177 /* Assets.xcassets in Resources */,
			);
			runOnlyForDeploymentPostprocessing = 0;
		};
		136552A61F0DA21300B4FDD4 /* Resources */ = {
			isa = PBXResourcesBuildPhase;
			buildActionMask = 2147483647;
			files = (
				134A63D81F106F88005D2EBD /* blobObject.json in Resources */,
				134A63D61F106F6C005D2EBD /* treeObject.json in Resources */,
				134A63D21F106B7B005D2EBD /* defaultBranch.json in Resources */,
			);
			runOnlyForDeploymentPostprocessing = 0;
		};
		13A907F11F051658002FCDB2 /* Resources */ = {
			isa = PBXResourcesBuildPhase;
			buildActionMask = 2147483647;
			files = (
			);
			runOnlyForDeploymentPostprocessing = 0;
		};
		13DCDFCD1F2F60BE00259CB1 /* Resources */ = {
			isa = PBXResourcesBuildPhase;
			buildActionMask = 2147483647;
			files = (
			);
			runOnlyForDeploymentPostprocessing = 0;
		};
/* End PBXResourcesBuildPhase section */

/* Begin PBXShellScriptBuildPhase section */
		1260D14736721B6F3632395C /* [CP] Copy Pods Resources */ = {
			isa = PBXShellScriptBuildPhase;
			buildActionMask = 2147483647;
			files = (
			);
			inputPaths = (
			);
			name = "[CP] Copy Pods Resources";
			outputPaths = (
			);
			runOnlyForDeploymentPostprocessing = 0;
			shellPath = /bin/sh;
			shellScript = "\"${SRCROOT}/Pods/Target Support Files/Pods-App-GithubFileExtension/Pods-App-GithubFileExtension-resources.sh\"\n";
			showEnvVarsInLog = 0;
		};
		13911BC11F0C543F005EE2C0 /* SwiftLint */ = {
			isa = PBXShellScriptBuildPhase;
			buildActionMask = 2147483647;
			files = (
			);
			inputPaths = (
			);
			name = SwiftLint;
			outputPaths = (
			);
			runOnlyForDeploymentPostprocessing = 0;
			shellPath = /bin/sh;
			shellScript = "cd \"${PODS_ROOT}/..\"\n\"${PODS_ROOT}/SwiftLint/swiftlint\"";
		};
		224B1B48F32103FA2F7AE96D /* [CP] Embed Pods Frameworks */ = {
			isa = PBXShellScriptBuildPhase;
			buildActionMask = 2147483647;
			files = (
			);
			inputPaths = (
			);
			name = "[CP] Embed Pods Frameworks";
			outputPaths = (
			);
			runOnlyForDeploymentPostprocessing = 0;
			shellPath = /bin/sh;
			shellScript = "\"${SRCROOT}/Pods/Target Support Files/Pods-App-OctoEye/Pods-App-OctoEye-frameworks.sh\"\n";
			showEnvVarsInLog = 0;
		};
		291E5C48FAB97BEEA3239C0A /* [CP] Copy Pods Resources */ = {
			isa = PBXShellScriptBuildPhase;
			buildActionMask = 2147483647;
			files = (
			);
			inputPaths = (
			);
			name = "[CP] Copy Pods Resources";
			outputPaths = (
			);
			runOnlyForDeploymentPostprocessing = 0;
			shellPath = /bin/sh;
			shellScript = "\"${SRCROOT}/Pods/Target Support Files/Pods-App-OctoEye/Pods-App-OctoEye-resources.sh\"\n";
			showEnvVarsInLog = 0;
		};
		5AE80C023FB4108C3315DEF8 /* [CP] Embed Pods Frameworks */ = {
			isa = PBXShellScriptBuildPhase;
			buildActionMask = 2147483647;
			files = (
			);
			inputPaths = (
			);
			name = "[CP] Embed Pods Frameworks";
			outputPaths = (
			);
			runOnlyForDeploymentPostprocessing = 0;
			shellPath = /bin/sh;
			shellScript = "\"${SRCROOT}/Pods/Target Support Files/Pods-App-Tests/Pods-App-Tests-frameworks.sh\"\n";
			showEnvVarsInLog = 0;
		};
		5DCEFC3C885FCAA273281D81 /* [CP] Check Pods Manifest.lock */ = {
			isa = PBXShellScriptBuildPhase;
			buildActionMask = 2147483647;
			files = (
			);
			inputPaths = (
			);
			name = "[CP] Check Pods Manifest.lock";
			outputPaths = (
			);
			runOnlyForDeploymentPostprocessing = 0;
			shellPath = /bin/sh;
			shellScript = "diff \"${PODS_PODFILE_DIR_PATH}/Podfile.lock\" \"${PODS_ROOT}/Manifest.lock\" > /dev/null\nif [ $? != 0 ] ; then\n    # print error to STDERR\n    echo \"error: The sandbox is not in sync with the Podfile.lock. Run 'pod install' or update your CocoaPods installation.\" >&2\n    exit 1\nfi\n";
			showEnvVarsInLog = 0;
		};
		70B071AEC9CB416C35635AD7 /* [CP] Copy Pods Resources */ = {
			isa = PBXShellScriptBuildPhase;
			buildActionMask = 2147483647;
			files = (
			);
			inputPaths = (
			);
			name = "[CP] Copy Pods Resources";
			outputPaths = (
			);
			runOnlyForDeploymentPostprocessing = 0;
			shellPath = /bin/sh;
			shellScript = "\"${SRCROOT}/Pods/Target Support Files/Pods-App-Tests/Pods-App-Tests-resources.sh\"\n";
			showEnvVarsInLog = 0;
		};
		B5E9151338BD4B172D49620C /* [CP] Check Pods Manifest.lock */ = {
			isa = PBXShellScriptBuildPhase;
			buildActionMask = 2147483647;
			files = (
			);
			inputPaths = (
			);
			name = "[CP] Check Pods Manifest.lock";
			outputPaths = (
			);
			runOnlyForDeploymentPostprocessing = 0;
			shellPath = /bin/sh;
			shellScript = "diff \"${PODS_PODFILE_DIR_PATH}/Podfile.lock\" \"${PODS_ROOT}/Manifest.lock\" > /dev/null\nif [ $? != 0 ] ; then\n    # print error to STDERR\n    echo \"error: The sandbox is not in sync with the Podfile.lock. Run 'pod install' or update your CocoaPods installation.\" >&2\n    exit 1\nfi\n";
			showEnvVarsInLog = 0;
		};
		FCEC8A23A8C1E3717A85C6F3 /* [CP] Check Pods Manifest.lock */ = {
			isa = PBXShellScriptBuildPhase;
			buildActionMask = 2147483647;
			files = (
			);
			inputPaths = (
			);
			name = "[CP] Check Pods Manifest.lock";
			outputPaths = (
			);
			runOnlyForDeploymentPostprocessing = 0;
			shellPath = /bin/sh;
			shellScript = "diff \"${PODS_PODFILE_DIR_PATH}/Podfile.lock\" \"${PODS_ROOT}/Manifest.lock\" > /dev/null\nif [ $? != 0 ] ; then\n    # print error to STDERR\n    echo \"error: The sandbox is not in sync with the Podfile.lock. Run 'pod install' or update your CocoaPods installation.\" >&2\n    exit 1\nfi\n";
			showEnvVarsInLog = 0;
		};
/* End PBXShellScriptBuildPhase section */

/* Begin PBXSourcesBuildPhase section */
		1310C9E31F0513ED0020A177 /* Sources */ = {
			isa = PBXSourcesBuildPhase;
			buildActionMask = 2147483647;
			files = (
				13BAD63F1F2C11D0003F847F /* LoginViewController.swift in Sources */,
				13BAD63D1F2C0DA4003F847F /* PreferencesViewController.swift in Sources */,
				133FEAD41F2EAD9A0098C812 /* SignalProducer+BrightFuture.swift in Sources */,
				1318F1801F12586700116545 /* GithubAuthorization.swift in Sources */,
				1329150D1F2FDD9100116D94 /* RepositoriesViewController.swift in Sources */,
				133FEAD61F2F4AEA0098C812 /* UIViewController+ErrorReport.swift in Sources */,
				132915091F2F6E5E00116D94 /* MainNavigationViewController.swift in Sources */,
				1318F1841F125C9800116545 /* Preferences.swift in Sources */,
				1310C9EB1F0513ED0020A177 /* AppDelegate.swift in Sources */,
			);
			runOnlyForDeploymentPostprocessing = 0;
		};
		136552A41F0DA21300B4FDD4 /* Sources */ = {
			isa = PBXSourcesBuildPhase;
			buildActionMask = 2147483647;
			files = (
				13DC2C4F1F0FB33B00AE09AA /* FetchChildItems.swift in Sources */,
				13DC2C561F0FB34900AE09AA /* FileItem.swift in Sources */,
				134A63D41F106D7B005D2EBD /* fixture.swift in Sources */,
				13E732161F10568E00FE59C1 /* EnumeratorRunner.swift in Sources */,
				1383437C1F0DAB040030DA96 /* GithubClient.swift in Sources */,
				13DC2C5A1F0FB59B00AE09AA /* FetchTextSpec.swift in Sources */,
				13DC2C541F0FB34900AE09AA /* RepositoryItem.swift in Sources */,
				135B23571F0EF9960025BB95 /* GithubClientSpec.swift in Sources */,
				13DC2C641F1052C200AE09AA /* ArrayEnumeratorSpec.swift in Sources */,
				13DC2C611F0FBBBC00AE09AA /* FileItemSpec.swift in Sources */,
				13DC2C501F0FB34000AE09AA /* FetchText.swift in Sources */,
				13DC2C531F0FB34400AE09AA /* ArrayEnumerator.swift in Sources */,
				13DC2C4D1F0FAFD400AE09AA /* FetchRootItems.swift in Sources */,
				134A63DA1F1070BA005D2EBD /* FileProviderExtensionSpec.swift in Sources */,
				13DC2C4C1F0FAC9900AE09AA /* FetchRootItemsSpec.swift in Sources */,
				134A63CA1F1059E4005D2EBD /* FutureEnumeratorSpec.swift in Sources */,
				135B23551F0EF60C0025BB95 /* HttpRequest.swift in Sources */,
				13DC2C511F0FB34400AE09AA /* FileProviderExtension.swift in Sources */,
				13DC2C551F0FB34900AE09AA /* GithubObjectItem.swift in Sources */,
				13DC2C5D1F0FB89800AE09AA /* RepositoryItemSpec.swift in Sources */,
				13DC2C4E1F0FB00000AE09AA /* TreeObject.swift in Sources */,
				13DC2C581F0FB36500AE09AA /* FetchChildItemsSpec.swift in Sources */,
				13688B4B1F1281BD008678AE /* Preferences.swift in Sources */,
				13DC2C5F1F0FBAF000AE09AA /* GithubObjectItemSpec.swift in Sources */,
				134A63CD1F105A04005D2EBD /* FutureEnumerator.swift in Sources */,
				13688B4A1F12814C008678AE /* PreferencesSpec.swift in Sources */,
			);
			runOnlyForDeploymentPostprocessing = 0;
		};
		13A907EF1F051658002FCDB2 /* Sources */ = {
			isa = PBXSourcesBuildPhase;
			buildActionMask = 2147483647;
			files = (
				1328C8951F08913D00064124 /* FetchChildItems.swift in Sources */,
				13A907F61F051658002FCDB2 /* FileProviderExtension.swift in Sources */,
				13A907F81F051658002FCDB2 /* RepositoryItem.swift in Sources */,
				13A907FA1F051658002FCDB2 /* ArrayEnumerator.swift in Sources */,
				13911BBD1F07EBC6005EE2C0 /* FetchRootItems.swift in Sources */,
				135B23541F0EF6060025BB95 /* HttpRequest.swift in Sources */,
				1328C89E1F08D08E00064124 /* GithubObjectItem.swift in Sources */,
				130324911F05316A00C0053D /* GithubClient.swift in Sources */,
				13911BBF1F0920F1005EE2C0 /* FetchText.swift in Sources */,
				1318F1851F12603E00116545 /* Preferences.swift in Sources */,
				130324951F053A9F00C0053D /* FileItem.swift in Sources */,
				134A63CC1F105A04005D2EBD /* FutureEnumerator.swift in Sources */,
				1328C8991F08921700064124 /* TreeObject.swift in Sources */,
			);
			runOnlyForDeploymentPostprocessing = 0;
		};
		13DCDFCB1F2F60BE00259CB1 /* Sources */ = {
			isa = PBXSourcesBuildPhase;
			buildActionMask = 2147483647;
			files = (
				132915071F2F638B00116D94 /* LogoutTest.swift in Sources */,
				13DCDFD21F2F60BF00259CB1 /* LoginTest.swift in Sources */,
				1329150B1F2F70F100116D94 /* MainNavigationTest.swift in Sources */,
			);
			runOnlyForDeploymentPostprocessing = 0;
		};
/* End PBXSourcesBuildPhase section */

/* Begin PBXTargetDependency section */
		136552AE1F0DA21300B4FDD4 /* PBXTargetDependency */ = {
			isa = PBXTargetDependency;
			target = 1310C9E61F0513ED0020A177 /* OctoEye */;
			targetProxy = 136552AD1F0DA21300B4FDD4 /* PBXContainerItemProxy */;
		};
		13A907FE1F051658002FCDB2 /* PBXTargetDependency */ = {
			isa = PBXTargetDependency;
			target = 13A907F21F051658002FCDB2 /* GithubFileExtension */;
			targetProxy = 13A907FD1F051658002FCDB2 /* PBXContainerItemProxy */;
		};
		13DCDFD51F2F60BF00259CB1 /* PBXTargetDependency */ = {
			isa = PBXTargetDependency;
			target = 1310C9E61F0513ED0020A177 /* OctoEye */;
			targetProxy = 13DCDFD41F2F60BF00259CB1 /* PBXContainerItemProxy */;
		};
/* End PBXTargetDependency section */

/* Begin PBXVariantGroup section */
		1310C9F31F0513ED0020A177 /* LaunchScreen.storyboard */ = {
			isa = PBXVariantGroup;
			children = (
				1310C9F41F0513ED0020A177 /* Base */,
			);
			name = LaunchScreen.storyboard;
			sourceTree = "<group>";
		};
/* End PBXVariantGroup section */

/* Begin XCBuildConfiguration section */
		1310C9F71F0513ED0020A177 /* Debug */ = {
			isa = XCBuildConfiguration;
			buildSettings = {
				ALWAYS_SEARCH_USER_PATHS = NO;
				CLANG_ANALYZER_NONNULL = YES;
				CLANG_ANALYZER_NUMBER_OBJECT_CONVERSION = YES_AGGRESSIVE;
				CLANG_CXX_LANGUAGE_STANDARD = "gnu++14";
				CLANG_CXX_LIBRARY = "libc++";
				CLANG_ENABLE_MODULES = YES;
				CLANG_ENABLE_OBJC_ARC = YES;
				CLANG_WARN_BLOCK_CAPTURE_AUTORELEASING = YES;
				CLANG_WARN_BOOL_CONVERSION = YES;
				CLANG_WARN_COMMA = YES;
				CLANG_WARN_CONSTANT_CONVERSION = YES;
				CLANG_WARN_DIRECT_OBJC_ISA_USAGE = YES_ERROR;
				CLANG_WARN_DOCUMENTATION_COMMENTS = YES;
				CLANG_WARN_EMPTY_BODY = YES;
				CLANG_WARN_ENUM_CONVERSION = YES;
				CLANG_WARN_INFINITE_RECURSION = YES;
				CLANG_WARN_INT_CONVERSION = YES;
				CLANG_WARN_OBJC_ROOT_CLASS = YES_ERROR;
				CLANG_WARN_RANGE_LOOP_ANALYSIS = YES;
				CLANG_WARN_STRICT_PROTOTYPES = YES;
				CLANG_WARN_SUSPICIOUS_MOVE = YES;
				CLANG_WARN_UNGUARDED_AVAILABILITY = YES_AGGRESSIVE;
				CLANG_WARN_UNREACHABLE_CODE = YES;
				CLANG_WARN__DUPLICATE_METHOD_MATCH = YES;
				CODE_SIGN_IDENTITY = "iPhone Developer";
				COPY_PHASE_STRIP = NO;
				DEBUG_INFORMATION_FORMAT = dwarf;
				ENABLE_STRICT_OBJC_MSGSEND = YES;
				ENABLE_TESTABILITY = YES;
				GCC_C_LANGUAGE_STANDARD = gnu11;
				GCC_DYNAMIC_NO_PIC = NO;
				GCC_NO_COMMON_BLOCKS = YES;
				GCC_OPTIMIZATION_LEVEL = 0;
				GCC_PREPROCESSOR_DEFINITIONS = (
					"DEBUG=1",
					"$(inherited)",
				);
				GCC_WARN_64_TO_32_BIT_CONVERSION = YES;
				GCC_WARN_ABOUT_RETURN_TYPE = YES_ERROR;
				GCC_WARN_UNDECLARED_SELECTOR = YES;
				GCC_WARN_UNINITIALIZED_AUTOS = YES_AGGRESSIVE;
				GCC_WARN_UNUSED_FUNCTION = YES;
				GCC_WARN_UNUSED_VARIABLE = YES;
				IPHONEOS_DEPLOYMENT_TARGET = 11.0;
				MTL_ENABLE_DEBUG_INFO = YES;
				ONLY_ACTIVE_ARCH = YES;
				OTHER_SWIFT_FLAGS = "";
				SDKROOT = iphoneos;
				SWIFT_ACTIVE_COMPILATION_CONDITIONS = DEBUG;
				SWIFT_OPTIMIZATION_LEVEL = "-Onone";
			};
			name = Debug;
		};
		1310C9F81F0513ED0020A177 /* Release */ = {
			isa = XCBuildConfiguration;
			buildSettings = {
				ALWAYS_SEARCH_USER_PATHS = NO;
				CLANG_ANALYZER_NONNULL = YES;
				CLANG_ANALYZER_NUMBER_OBJECT_CONVERSION = YES_AGGRESSIVE;
				CLANG_CXX_LANGUAGE_STANDARD = "gnu++14";
				CLANG_CXX_LIBRARY = "libc++";
				CLANG_ENABLE_MODULES = YES;
				CLANG_ENABLE_OBJC_ARC = YES;
				CLANG_WARN_BLOCK_CAPTURE_AUTORELEASING = YES;
				CLANG_WARN_BOOL_CONVERSION = YES;
				CLANG_WARN_COMMA = YES;
				CLANG_WARN_CONSTANT_CONVERSION = YES;
				CLANG_WARN_DIRECT_OBJC_ISA_USAGE = YES_ERROR;
				CLANG_WARN_DOCUMENTATION_COMMENTS = YES;
				CLANG_WARN_EMPTY_BODY = YES;
				CLANG_WARN_ENUM_CONVERSION = YES;
				CLANG_WARN_INFINITE_RECURSION = YES;
				CLANG_WARN_INT_CONVERSION = YES;
				CLANG_WARN_OBJC_ROOT_CLASS = YES_ERROR;
				CLANG_WARN_RANGE_LOOP_ANALYSIS = YES;
				CLANG_WARN_STRICT_PROTOTYPES = YES;
				CLANG_WARN_SUSPICIOUS_MOVE = YES;
				CLANG_WARN_UNGUARDED_AVAILABILITY = YES_AGGRESSIVE;
				CLANG_WARN_UNREACHABLE_CODE = YES;
				CLANG_WARN__DUPLICATE_METHOD_MATCH = YES;
				CODE_SIGN_IDENTITY = "iPhone Developer";
				COPY_PHASE_STRIP = NO;
				DEBUG_INFORMATION_FORMAT = "dwarf-with-dsym";
				ENABLE_NS_ASSERTIONS = NO;
				ENABLE_STRICT_OBJC_MSGSEND = YES;
				GCC_C_LANGUAGE_STANDARD = gnu11;
				GCC_NO_COMMON_BLOCKS = YES;
				GCC_WARN_64_TO_32_BIT_CONVERSION = YES;
				GCC_WARN_ABOUT_RETURN_TYPE = YES_ERROR;
				GCC_WARN_UNDECLARED_SELECTOR = YES;
				GCC_WARN_UNINITIALIZED_AUTOS = YES_AGGRESSIVE;
				GCC_WARN_UNUSED_FUNCTION = YES;
				GCC_WARN_UNUSED_VARIABLE = YES;
				IPHONEOS_DEPLOYMENT_TARGET = 11.0;
				MTL_ENABLE_DEBUG_INFO = NO;
				OTHER_SWIFT_FLAGS = "";
				SDKROOT = iphoneos;
				SWIFT_OPTIMIZATION_LEVEL = "-Owholemodule";
				VALIDATE_PRODUCT = YES;
			};
			name = Release;
		};
		1310C9FA1F0513ED0020A177 /* Debug */ = {
			isa = XCBuildConfiguration;
			baseConfigurationReference = C0257ABC418D3844E2E3EBFC /* Pods-App-OctoEye.debug.xcconfig */;
			buildSettings = {
				ALWAYS_EMBED_SWIFT_STANDARD_LIBRARIES = YES;
				ASSETCATALOG_COMPILER_APPICON_NAME = AppIcon;
				CODE_SIGN_ENTITLEMENTS = OctoEye.entitlements;
				"CODE_SIGN_IDENTITY[sdk=iphoneos*]" = "iPhone Developer";
				CODE_SIGN_STYLE = Manual;
				CURRENT_PROJECT_VERSION = 2;
				DEVELOPMENT_TEAM = VG2YYSKSHY;
				INFOPLIST_FILE = Sources/OctoEye/Info.plist;
				LD_RUNPATH_SEARCH_PATHS = "$(inherited) @executable_path/Frameworks";
				PRODUCT_BUNDLE_IDENTIFIER = jp.mzp.OctoEye;
				PRODUCT_NAME = "$(TARGET_NAME)";
				PROVISIONING_PROFILE = "9e52c765-880a-493d-8ed1-1310d904e47d";
				PROVISIONING_PROFILE_SPECIFIER = "match Development jp.mzp.OctoEye";
				SWIFT_VERSION = 4.0;
				TARGETED_DEVICE_FAMILY = "1,2";
				VERSIONING_SYSTEM = "apple-generic";
			};
			name = Debug;
		};
		1310C9FB1F0513ED0020A177 /* Release */ = {
			isa = XCBuildConfiguration;
			baseConfigurationReference = 058117B7BA9321A69F5C0406 /* Pods-App-OctoEye.release.xcconfig */;
			buildSettings = {
				ALWAYS_EMBED_SWIFT_STANDARD_LIBRARIES = YES;
				ASSETCATALOG_COMPILER_APPICON_NAME = AppIcon;
				CODE_SIGN_ENTITLEMENTS = OctoEye.entitlements;
				"CODE_SIGN_IDENTITY[sdk=iphoneos*]" = "iPhone Distribution";
				CODE_SIGN_STYLE = Manual;
				CURRENT_PROJECT_VERSION = 2;
				DEVELOPMENT_TEAM = VG2YYSKSHY;
				INFOPLIST_FILE = Sources/OctoEye/Info.plist;
				LD_RUNPATH_SEARCH_PATHS = "$(inherited) @executable_path/Frameworks";
				PRODUCT_BUNDLE_IDENTIFIER = jp.mzp.OctoEye;
				PRODUCT_NAME = "$(TARGET_NAME)";
				PROVISIONING_PROFILE = "c60c83b8-8046-4ac3-b9f8-a1e81a0bcc0a";
				PROVISIONING_PROFILE_SPECIFIER = "match AppStore jp.mzp.OctoEye";
				SWIFT_VERSION = 4.0;
				TARGETED_DEVICE_FAMILY = "1,2";
				VERSIONING_SYSTEM = "apple-generic";
			};
			name = Release;
		};
		136552AF1F0DA21300B4FDD4 /* Debug */ = {
			isa = XCBuildConfiguration;
			baseConfigurationReference = 2CF5D1FC17C72172751B35CE /* Pods-App-Tests.debug.xcconfig */;
			buildSettings = {
				BUNDLE_LOADER = "$(TEST_HOST)";
				DEVELOPMENT_TEAM = VG2YYSKSHY;
				INFOPLIST_FILE = Tests/Info.plist;
				LD_RUNPATH_SEARCH_PATHS = "$(inherited) @executable_path/Frameworks @loader_path/Frameworks";
				PRODUCT_BUNDLE_IDENTIFIER = jp.mzp.Tests;
				PRODUCT_NAME = "$(TARGET_NAME)";
				SWIFT_VERSION = 4.0;
				TARGETED_DEVICE_FAMILY = "1,2";
				TEST_HOST = "$(BUILT_PRODUCTS_DIR)/OctoEye.app/OctoEye";
			};
			name = Debug;
		};
		136552B01F0DA21300B4FDD4 /* Release */ = {
			isa = XCBuildConfiguration;
			baseConfigurationReference = 35A4BAE82805AE63958FC620 /* Pods-App-Tests.release.xcconfig */;
			buildSettings = {
				BUNDLE_LOADER = "$(TEST_HOST)";
				DEVELOPMENT_TEAM = VG2YYSKSHY;
				INFOPLIST_FILE = Tests/Info.plist;
				LD_RUNPATH_SEARCH_PATHS = "$(inherited) @executable_path/Frameworks @loader_path/Frameworks";
				PRODUCT_BUNDLE_IDENTIFIER = jp.mzp.Tests;
				PRODUCT_NAME = "$(TARGET_NAME)";
				SWIFT_VERSION = 4.0;
				TARGETED_DEVICE_FAMILY = "1,2";
				TEST_HOST = "$(BUILT_PRODUCTS_DIR)/OctoEye.app/OctoEye";
			};
			name = Release;
		};
		13A908001F051658002FCDB2 /* Debug */ = {
			isa = XCBuildConfiguration;
			baseConfigurationReference = 0F13358B67C99155AFCB911B /* Pods-App-GithubFileExtension.debug.xcconfig */;
			buildSettings = {
				CODE_SIGN_ENTITLEMENTS = Sources/GithubFileExtension/GithubFileExtension.entitlements;
				"CODE_SIGN_IDENTITY[sdk=iphoneos*]" = "iPhone Developer";
				CODE_SIGN_STYLE = Manual;
				CURRENT_PROJECT_VERSION = 2;
				DEVELOPMENT_TEAM = VG2YYSKSHY;
				INFOPLIST_FILE = Sources/GithubFileExtension/Info.plist;
				LD_RUNPATH_SEARCH_PATHS = "$(inherited) @executable_path/Frameworks @executable_path/../../Frameworks";
				PRODUCT_BUNDLE_IDENTIFIER = jp.mzp.OctoEye.GithubFileExtension;
				PRODUCT_NAME = "$(TARGET_NAME)";
				PROVISIONING_PROFILE = "f9e51753-29f2-4983-87f3-70a8437308b3";
				PROVISIONING_PROFILE_SPECIFIER = "match Development jp.mzp.OctoEye.GithubFileExtension";
				SKIP_INSTALL = YES;
				SWIFT_VERSION = 4.0;
				TARGETED_DEVICE_FAMILY = "1,2";
				VERSIONING_SYSTEM = "apple-generic";
			};
			name = Debug;
		};
		13A908011F051658002FCDB2 /* Release */ = {
			isa = XCBuildConfiguration;
			baseConfigurationReference = 7BA104F4B7550FD25C86209D /* Pods-App-GithubFileExtension.release.xcconfig */;
			buildSettings = {
				CODE_SIGN_ENTITLEMENTS = Sources/GithubFileExtension/GithubFileExtension.entitlements;
				"CODE_SIGN_IDENTITY[sdk=iphoneos*]" = "iPhone Distribution";
				CODE_SIGN_STYLE = Manual;
				CURRENT_PROJECT_VERSION = 2;
				DEVELOPMENT_TEAM = VG2YYSKSHY;
				INFOPLIST_FILE = Sources/GithubFileExtension/Info.plist;
				LD_RUNPATH_SEARCH_PATHS = "$(inherited) @executable_path/Frameworks @executable_path/../../Frameworks";
				PRODUCT_BUNDLE_IDENTIFIER = jp.mzp.OctoEye.GithubFileExtension;
				PRODUCT_NAME = "$(TARGET_NAME)";
				PROVISIONING_PROFILE = "33708eaa-5c2e-4994-bc23-840989bf21a3";
				PROVISIONING_PROFILE_SPECIFIER = "match AppStore jp.mzp.OctoEye.GithubFileExtension";
				SKIP_INSTALL = YES;
				SWIFT_VERSION = 4.0;
				TARGETED_DEVICE_FAMILY = "1,2";
				VERSIONING_SYSTEM = "apple-generic";
			};
			name = Release;
		};
		13DCDFD71F2F60BF00259CB1 /* Debug */ = {
			isa = XCBuildConfiguration;
			buildSettings = {
				CLANG_WARN_NON_LITERAL_NULL_CONVERSION = YES;
				CLANG_WARN_OBJC_LITERAL_CONVERSION = YES;
				DEVELOPMENT_TEAM = VG2YYSKSHY;
				INFOPLIST_FILE = Tests/UI/Info.plist;
				LD_RUNPATH_SEARCH_PATHS = "$(inherited) @executable_path/Frameworks @loader_path/Frameworks";
				PRODUCT_BUNDLE_IDENTIFIER = jp.mzp.UI;
				PRODUCT_NAME = "$(TARGET_NAME)";
				PROVISIONING_PROFILE = "c60c83b8-8046-4ac3-b9f8-a1e81a0bcc0a";
				SWIFT_VERSION = 4.0;
				TARGETED_DEVICE_FAMILY = "1,2";
				TEST_TARGET_NAME = OctoEye;
			};
			name = Debug;
		};
		13DCDFD81F2F60BF00259CB1 /* Release */ = {
			isa = XCBuildConfiguration;
			buildSettings = {
				CLANG_WARN_NON_LITERAL_NULL_CONVERSION = YES;
				CLANG_WARN_OBJC_LITERAL_CONVERSION = YES;
				DEVELOPMENT_TEAM = VG2YYSKSHY;
				INFOPLIST_FILE = Tests/UI/Info.plist;
				LD_RUNPATH_SEARCH_PATHS = "$(inherited) @executable_path/Frameworks @loader_path/Frameworks";
				PRODUCT_BUNDLE_IDENTIFIER = jp.mzp.UI;
				PRODUCT_NAME = "$(TARGET_NAME)";
				PROVISIONING_PROFILE = "c60c83b8-8046-4ac3-b9f8-a1e81a0bcc0a";
				SWIFT_VERSION = 4.0;
				TARGETED_DEVICE_FAMILY = "1,2";
				TEST_TARGET_NAME = OctoEye;
			};
			name = Release;
		};
/* End XCBuildConfiguration section */

/* Begin XCConfigurationList section */
		1310C9E21F0513ED0020A177 /* Build configuration list for PBXProject "OctoEye" */ = {
			isa = XCConfigurationList;
			buildConfigurations = (
				1310C9F71F0513ED0020A177 /* Debug */,
				1310C9F81F0513ED0020A177 /* Release */,
			);
			defaultConfigurationIsVisible = 0;
			defaultConfigurationName = Release;
		};
		1310C9F91F0513ED0020A177 /* Build configuration list for PBXNativeTarget "OctoEye" */ = {
			isa = XCConfigurationList;
			buildConfigurations = (
				1310C9FA1F0513ED0020A177 /* Debug */,
				1310C9FB1F0513ED0020A177 /* Release */,
			);
			defaultConfigurationIsVisible = 0;
			defaultConfigurationName = Release;
		};
		136552B11F0DA21300B4FDD4 /* Build configuration list for PBXNativeTarget "Tests" */ = {
			isa = XCConfigurationList;
			buildConfigurations = (
				136552AF1F0DA21300B4FDD4 /* Debug */,
				136552B01F0DA21300B4FDD4 /* Release */,
			);
			defaultConfigurationIsVisible = 0;
			defaultConfigurationName = Release;
		};
		13A908021F051658002FCDB2 /* Build configuration list for PBXNativeTarget "GithubFileExtension" */ = {
			isa = XCConfigurationList;
			buildConfigurations = (
				13A908001F051658002FCDB2 /* Debug */,
				13A908011F051658002FCDB2 /* Release */,
			);
			defaultConfigurationIsVisible = 0;
			defaultConfigurationName = Release;
		};
		13DCDFD61F2F60BF00259CB1 /* Build configuration list for PBXNativeTarget "UITest" */ = {
			isa = XCConfigurationList;
			buildConfigurations = (
				13DCDFD71F2F60BF00259CB1 /* Debug */,
				13DCDFD81F2F60BF00259CB1 /* Release */,
			);
			defaultConfigurationIsVisible = 0;
			defaultConfigurationName = Release;
		};
/* End XCConfigurationList section */
	};
	rootObject = 1310C9DF1F0513ED0020A177 /* Project object */;
}
